// !$*UTF8*$!
{
	archiveVersion = 1;
	classes = {
	};
	objectVersion = 56;
	objects = {

/* Begin PBXBuildFile section */
		061D246E9013651CFF1BD3C4 /* WatchComplicationState.swift in Sources */ = {isa = PBXBuildFile; fileRef = 4E5534E7B76A00C357B30B0E /* WatchComplicationState.swift */; };
		0D52DE4A7A4FA4F6299D14EA /* PoolStatsWatchApp.swift in Sources */ = {isa = PBXBuildFile; fileRef = A03E32D9A1C7D5795E26164D /* PoolStatsWatchApp.swift */; };
		270D7BDB1D64CC5E28150519 /* WatchComplicationState.swift in Sources */ = {isa = PBXBuildFile; fileRef = 4E5534E7B76A00C357B30B0E /* WatchComplicationState.swift */; };
		2F49D5E4D60378BD12355782 /* WatchSyncModels.swift in Sources */ = {isa = PBXBuildFile; fileRef = 20DB8CB67DEEF7C32E13365F /* WatchSyncModels.swift */; };
		361A8B865609ADA31C805909 /* PoolStatsWatchExtension.appex in Embed App Extensions */ = {isa = PBXBuildFile; fileRef = 6796882EB3A1DC2039DB20C0 /* PoolStatsWatchExtension.appex */; };
		40576368ACA893DFB77B1E88 /* WatchConnectivityClient.swift in Sources */ = {isa = PBXBuildFile; fileRef = 304A8C77D82733F0C7CB230C /* WatchConnectivityClient.swift */; };
		4F615CB5132527D2AF44A03F /* PoolStatsWatchComplications.appex in Embed App Extensions */ = {isa = PBXBuildFile; fileRef = 9EB5F481BF3F9925C1F51611 /* PoolStatsWatchComplications.appex */; };
		9096B1DCDF86CDC5B03B5B1B /* PoolStatsWatchComplications.swift in Sources */ = {isa = PBXBuildFile; fileRef = 0C9A91B9066103F654E63871 /* PoolStatsWatchComplications.swift */; };
		A1B2C3D4E5F6A7B8C9D0E1F2 /* WatchSessionStartView.swift in Sources */ = {isa = PBXBuildFile; fileRef = B1C2D3E4F5A6B7C8D9E0F1A2 /* WatchSessionStartView.swift */; };
		A72E884BB1CD551125DE4E8E /* Foundation.framework in Frameworks */ = {isa = PBXBuildFile; fileRef = FC9E92BF268E25DB78D0CA99 /* Foundation.framework */; };
		AA1000010000000000000001 /* PoolStatsApp.swift in Sources */ = {isa = PBXBuildFile; fileRef = AA2000010000000000000001 /* PoolStatsApp.swift */; };
		AA1000010000000000000002 /* CloudKitStore.swift in Sources */ = {isa = PBXBuildFile; fileRef = AA2000010000000000000002 /* CloudKitStore.swift */; };
		AA1000010000000000000003 /* DataStore.swift in Sources */ = {isa = PBXBuildFile; fileRef = AA2000010000000000000003 /* DataStore.swift */; };
		AA1000010000000000000004 /* Filters.swift in Sources */ = {isa = PBXBuildFile; fileRef = AA2000010000000000000004 /* Filters.swift */; };
		AA1000010000000000000005 /* Rack.swift in Sources */ = {isa = PBXBuildFile; fileRef = AA2000010000000000000005 /* Rack.swift */; };
		AA1000010000000000000006 /* JSONTransfer.swift in Sources */ = {isa = PBXBuildFile; fileRef = AA2000010000000000000006 /* JSONTransfer.swift */; };
		BA1000010000000000000001 /* DashboardImportExportSupport.swift in Sources */ = {isa = PBXBuildFile; fileRef = BA2000010000000000000001 /* DashboardImportExportSupport.swift */; };
		BA1000010000000000000002 /* LocalSessionPersistence.swift in Sources */ = {isa = PBXBuildFile; fileRef = BA2000010000000000000002 /* LocalSessionPersistence.swift */; };
		BA1000010000000000000003 /* JSONTransferPayloads.swift in Sources */ = {isa = PBXBuildFile; fileRef = BA2000010000000000000003 /* JSONTransferPayloads.swift */; };
		BA1000010000000000000004 /* SocialProfileLocalPersistence.swift in Sources */ = {isa = PBXBuildFile; fileRef = BA2000010000000000000004 /* SocialProfileLocalPersistence.swift */; };
		BA1000010000000000000005 /* SocialProfileIdentity.swift in Sources */ = {isa = PBXBuildFile; fileRef = BA2000010000000000000005 /* SocialProfileIdentity.swift */; };
		BA1000010000000000000006 /* FriendsSettingsComponents.swift in Sources */ = {isa = PBXBuildFile; fileRef = BA2000010000000000000006 /* FriendsSettingsComponents.swift */; };
		AA1000010000000000000007 /* Session.swift in Sources */ = {isa = PBXBuildFile; fileRef = AA2000010000000000000007 /* Session.swift */; };
		AA1000010000000000000008 /* Analytics.swift in Sources */ = {isa = PBXBuildFile; fileRef = AA2000010000000000000008 /* Analytics.swift */; };
		AA1000010000000000000009 /* Components.swift in Sources */ = {isa = PBXBuildFile; fileRef = AA2000010000000000000009 /* Components.swift */; };
		AA100001000000000000000A /* Theme.swift in Sources */ = {isa = PBXBuildFile; fileRef = AA200001000000000000000A /* Theme.swift */; };
		AA100001000000000000000B /* HistoryView.swift in Sources */ = {isa = PBXBuildFile; fileRef = AA200001000000000000000B /* HistoryView.swift */; };
		AA100001000000000000000C /* LogView.swift in Sources */ = {isa = PBXBuildFile; fileRef = AA200001000000000000000C /* LogView.swift */; };
		AA100001000000000000000D /* JSONDocument.swift in Sources */ = {isa = PBXBuildFile; fileRef = AA200001000000000000000D /* JSONDocument.swift */; };
		AA100001000000000000000E /* RootView.swift in Sources */ = {isa = PBXBuildFile; fileRef = AA200001000000000000000E /* RootView.swift */; };
		AA100001000000000000000F /* SummaryView.swift in Sources */ = {isa = PBXBuildFile; fileRef = AA200001000000000000000F /* SummaryView.swift */; };
		AA1000010000000000000010 /* DashboardView.swift in Sources */ = {isa = PBXBuildFile; fileRef = AA2000010000000000000010 /* DashboardView.swift */; };
		AA1000010000000000000011 /* SampleData.swift in Sources */ = {isa = PBXBuildFile; fileRef = AA2000010000000000000014 /* SampleData.swift */; };
		AA1000010000000000000012 /* LogStartView.swift in Sources */ = {isa = PBXBuildFile; fileRef = AA2000010000000000000015 /* LogStartView.swift */; };
		AA1000010000000000000013 /* LogActiveView.swift in Sources */ = {isa = PBXBuildFile; fileRef = AA2000010000000000000016 /* LogActiveView.swift */; };
		AA1000010000000000000014 /* AnalyticsTrend.swift in Sources */ = {isa = PBXBuildFile; fileRef = AA2000010000000000000017 /* AnalyticsTrend.swift */; };
		AA1000010000000000000015 /* AnalyticsMistakes.swift in Sources */ = {isa = PBXBuildFile; fileRef = AA2000010000000000000018 /* AnalyticsMistakes.swift */; };
		AA1000010000000000000016 /* AnalyticsSkills.swift in Sources */ = {isa = PBXBuildFile; fileRef = AA2000010000000000000019 /* AnalyticsSkills.swift */; };
		AA1000010000000000000017 /* AnalyticsFargo.swift in Sources */ = {isa = PBXBuildFile; fileRef = AA200001000000000000001A /* AnalyticsFargo.swift */; };
		AA1000010000000000000018 /* AnalyticsInsights.swift in Sources */ = {isa = PBXBuildFile; fileRef = AA200001000000000000001B /* AnalyticsInsights.swift */; };
		AA1000010000000000000019 /* AnalyticsMath.swift in Sources */ = {isa = PBXBuildFile; fileRef = AA200001000000000000001C /* AnalyticsMath.swift */; };
		AA100001000000000000001A /* SessionService.swift in Sources */ = {isa = PBXBuildFile; fileRef = AA200001000000000000001D /* SessionService.swift */; };
		AA100001000000000000001B /* AppFormatters.swift in Sources */ = {isa = PBXBuildFile; fileRef = AA200001000000000000001E /* AppFormatters.swift */; };
		AA100001000000000000001C /* SettingsView.swift in Sources */ = {isa = PBXBuildFile; fileRef = AA200001000000000000001F /* SettingsView.swift */; };
		AA100001000000000000001D /* Goals.swift in Sources */ = {isa = PBXBuildFile; fileRef = AA2000010000000000000020 /* Goals.swift */; };
		AA100001000000000000001E /* GoalsView.swift in Sources */ = {isa = PBXBuildFile; fileRef = AA2000010000000000000021 /* GoalsView.swift */; };
		AA100001000000000000001F /* GoalWindow.swift in Sources */ = {isa = PBXBuildFile; fileRef = AA2000010000000000000022 /* GoalWindow.swift */; };
		AA1000010000000000000020 /* GoalMetric.swift in Sources */ = {isa = PBXBuildFile; fileRef = AA2000010000000000000023 /* GoalMetric.swift */; };
		AA1000010000000000000021 /* GoalsStore.swift in Sources */ = {isa = PBXBuildFile; fileRef = AA2000010000000000000024 /* GoalsStore.swift */; };
		AA1000010000000000000022 /* GoalCard.swift in Sources */ = {isa = PBXBuildFile; fileRef = AA2000010000000000000025 /* GoalCard.swift */; };
		AA1000010000000000000023 /* GoalOverlays.swift in Sources */ = {isa = PBXBuildFile; fileRef = AA2000010000000000000026 /* GoalOverlays.swift */; };
		AA1000010000000000000024 /* GoalEditorSheet.swift in Sources */ = {isa = PBXBuildFile; fileRef = AA2000010000000000000027 /* GoalEditorSheet.swift */; };
		AA1000010000000000000025 /* SettingsDetailView.swift in Sources */ = {isa = PBXBuildFile; fileRef = AA2000010000000000000028 /* SettingsDetailView.swift */; };
		AA1000010000000000000026 /* GoalEditorSupport.swift in Sources */ = {isa = PBXBuildFile; fileRef = AA2000010000000000000029 /* GoalEditorSupport.swift */; };
		AA1000010000000000000027 /* Cards.swift in Sources */ = {isa = PBXBuildFile; fileRef = AA200001000000000000002A /* Cards.swift */; };
		AA1000010000000000000028 /* Controls.swift in Sources */ = {isa = PBXBuildFile; fileRef = AA200001000000000000002B /* Controls.swift */; };
		AA1000010000000000000029 /* Layout.swift in Sources */ = {isa = PBXBuildFile; fileRef = AA200001000000000000002C /* Layout.swift */; };
		AA100001000000000000002D /* OpponentStore.swift in Sources */ = {isa = PBXBuildFile; fileRef = AA200001000000000000002D /* OpponentStore.swift */; };
		AA100001000000000000002E /* OpponentManagementView.swift in Sources */ = {isa = PBXBuildFile; fileRef = AA200001000000000000002E /* OpponentManagementView.swift */; };
		AA100001000000000000002F /* SessionLogStore.swift in Sources */ = {isa = PBXBuildFile; fileRef = AA200001000000000000002F /* SessionLogStore.swift */; };
		AA1000010000000000000030 /* AuthStore.swift in Sources */ = {isa = PBXBuildFile; fileRef = AA2000010000000000000030 /* AuthStore.swift */; };
		AA1000010000000000000031 /* OnboardingFlowView.swift in Sources */ = {isa = PBXBuildFile; fileRef = AA2000010000000000000031 /* OnboardingFlowView.swift */; };
		AA1000010000000000000032 /* MeSettingsView.swift in Sources */ = {isa = PBXBuildFile; fileRef = AA2000010000000000000032 /* MeSettingsView.swift */; };
		AA1000010000000000000033 /* AccountSettingsView.swift in Sources */ = {isa = PBXBuildFile; fileRef = AA2000010000000000000033 /* AccountSettingsView.swift */; };
		AA1000010000000000000034 /* AppearanceSettingsView.swift in Sources */ = {isa = PBXBuildFile; fileRef = AA2000010000000000000034 /* AppearanceSettingsView.swift */; };
		AA1000010000000000000035 /* DataSettingsView.swift in Sources */ = {isa = PBXBuildFile; fileRef = AA2000010000000000000035 /* DataSettingsView.swift */; };
		AA1000010000000000000036 /* AppDelegate.swift in Sources */ = {isa = PBXBuildFile; fileRef = AA2000010000000000000036 /* AppDelegate.swift */; };
		AA1000010000000000000037 /* Drills.swift in Sources */ = {isa = PBXBuildFile; fileRef = AA2000010000000000000037 /* Drills.swift */; };
		AA1000010000000000000038 /* DrillsView.swift in Sources */ = {isa = PBXBuildFile; fileRef = AA2000010000000000000038 /* DrillsView.swift */; };
		AA1000010000000000000039 /* DrillDiagramView.swift in Sources */ = {isa = PBXBuildFile; fileRef = AA2000010000000000000039 /* DrillDiagramView.swift */; };
		AA100001000000000000003A /* DrillControls.swift in Sources */ = {isa = PBXBuildFile; fileRef = AA200001000000000000003A /* DrillControls.swift */; };
		AA100001000000000000003B /* LogStartComponents.swift in Sources */ = {isa = PBXBuildFile; fileRef = AA200001000000000000003B /* LogStartComponents.swift */; };
		AA100001000000000000003C /* DrillLibraryCatalog.swift in Sources */ = {isa = PBXBuildFile; fileRef = AA200001000000000000003C /* DrillLibraryCatalog.swift */; };
		AA100001000000000000003D /* DashboardSupportViews.swift in Sources */ = {isa = PBXBuildFile; fileRef = AA200001000000000000003D /* DashboardSupportViews.swift */; };
		AA100001000000000000003E /* FriendMatchSharing.swift in Sources */ = {isa = PBXBuildFile; fileRef = AA200001000000000000003E /* FriendMatchSharing.swift */; };
		AA100001000000000000003F /* FriendsSettingsView.swift in Sources */ = {isa = PBXBuildFile; fileRef = AA200001000000000000003F /* FriendsSettingsView.swift */; };
		AA1000010000000000000040 /* DrillDetailView.swift in Sources */ = {isa = PBXBuildFile; fileRef = AA2000010000000000000040 /* DrillDetailView.swift */; };
		AA1000010000000000000041 /* DrillLogActiveView.swift in Sources */ = {isa = PBXBuildFile; fileRef = AA2000010000000000000041 /* DrillLogActiveView.swift */; };
		AA1000010000000000000042 /* DrillSharedViews.swift in Sources */ = {isa = PBXBuildFile; fileRef = AA2000010000000000000042 /* DrillSharedViews.swift */; };
		AA1000010000000000000043 /* LandscapeScoreboardView.swift in Sources */ = {isa = PBXBuildFile; fileRef = AA2000010000000000000043 /* LandscapeScoreboardView.swift */; };
		AA1000010000000000000044 /* FriendsPublicProfileSection.swift in Sources */ = {isa = PBXBuildFile; fileRef = AA2000010000000000000044 /* FriendsPublicProfileSection.swift */; };
		AA1000010000000000000045 /* WatchSyncStore.swift in Sources */ = {isa = PBXBuildFile; fileRef = AA2000010000000000000045 /* WatchSyncStore.swift */; };
		AA1000010000000000000046 /* WatchSyncReconciliation.swift in Sources */ = {isa = PBXBuildFile; fileRef = AA2000010000000000000046 /* WatchSyncReconciliation.swift */; };
		AA1000010000000000000047 /* WatchSyncReconciliation.swift in Sources */ = {isa = PBXBuildFile; fileRef = AA2000010000000000000046 /* WatchSyncReconciliation.swift */; };
		AA1000010000000000000048 /* WatchSyncReconciliation.swift in Sources */ = {isa = PBXBuildFile; fileRef = AA2000010000000000000046 /* WatchSyncReconciliation.swift */; };
		AA1000010000000000000049 /* AppLanguageStore.swift in Sources */ = {isa = PBXBuildFile; fileRef = AA2000010000000000000047 /* AppLanguageStore.swift */; };
		AA1000010000000000000050 /* AppCopy.swift in Sources */ = {isa = PBXBuildFile; fileRef = AA2000010000000000000048 /* AppCopy.swift */; };
		AAAABBBBCCCCDDDD00000011 /* WatchConnectivityCodec.swift in Sources */ = {isa = PBXBuildFile; fileRef = AAAABBBBCCCCDDDD00000001 /* WatchConnectivityCodec.swift */; };
		AAAABBBBCCCCDDDD00000012 /* WatchRackPatching.swift in Sources */ = {isa = PBXBuildFile; fileRef = AAAABBBBCCCCDDDD00000002 /* WatchRackPatching.swift */; };
		AAAABBBBCCCCDDDD00000013 /* WatchSessionFactory.swift in Sources */ = {isa = PBXBuildFile; fileRef = AAAABBBBCCCCDDDD00000003 /* WatchSessionFactory.swift */; };
		AAAABBBBCCCCDDDD00000014 /* WatchSessionPersistence.swift in Sources */ = {isa = PBXBuildFile; fileRef = AAAABBBBCCCCDDDD00000004 /* WatchSessionPersistence.swift */; };
		AAAABBBBCCCCDDDD00000015 /* WatchMatchScoreFlashView.swift in Sources */ = {isa = PBXBuildFile; fileRef = AAAABBBBCCCCDDDD00000005 /* WatchMatchScoreFlashView.swift */; };
		AAAABBBBCCCCDDDD00000016 /* WatchPhoneSnapshotTransport.swift in Sources */ = {isa = PBXBuildFile; fileRef = AAAABBBBCCCCDDDD00000006 /* WatchPhoneSnapshotTransport.swift */; };
		AA1000020000000000000001 /* Assets.xcassets in Resources */ = {isa = PBXBuildFile; fileRef = AA2000010000000000000011 /* Assets.xcassets */; };
		C1A2B3C4D5E6F708192A3B4C /* Localizable.strings in Resources */ = {isa = PBXBuildFile; fileRef = C1A2B3C4D5E6F708192A3B4D /* Localizable.strings */; };
		D1E2F301A1B2C3D4E5F60701 /* PrivacyInfo.xcprivacy in Resources */ = {isa = PBXBuildFile; fileRef = D1E2F301A1B2C3D4E5F60801 /* PrivacyInfo.xcprivacy */; };
		D1E2F301A1B2C3D4E5F60702 /* PrivacyInfo.xcprivacy in Resources */ = {isa = PBXBuildFile; fileRef = D1E2F301A1B2C3D4E5F60802 /* PrivacyInfo.xcprivacy */; };
		D1E2F301A1B2C3D4E5F60703 /* PrivacyInfo.xcprivacy in Resources */ = {isa = PBXBuildFile; fileRef = D1E2F301A1B2C3D4E5F60802 /* PrivacyInfo.xcprivacy */; };
		D1E2F301A1B2C3D4E5F60704 /* PrivacyInfo.xcprivacy in Resources */ = {isa = PBXBuildFile; fileRef = D1E2F301A1B2C3D4E5F60802 /* PrivacyInfo.xcprivacy */; };
		AB1000010000000000000001 /* GoalMetricTests.swift in Sources */ = {isa = PBXBuildFile; fileRef = AB2000010000000000000001 /* GoalMetricTests.swift */; };
		AB1000010000000000000002 /* GoalWindowTests.swift in Sources */ = {isa = PBXBuildFile; fileRef = AB2000010000000000000002 /* GoalWindowTests.swift */; };
		AB1000010000000000000003 /* DrillSessionTests.swift in Sources */ = {isa = PBXBuildFile; fileRef = AB2000010000000000000003 /* DrillSessionTests.swift */; };
		AB1000010000000000000004 /* TestFixtures.swift in Sources */ = {isa = PBXBuildFile; fileRef = AB2000010000000000000004 /* TestFixtures.swift */; };
		AB1000010000000000000008 /* CompatibilityRegressionTests.swift in Sources */ = {isa = PBXBuildFile; fileRef = AB2000010000000000000008 /* CompatibilityRegressionTests.swift */; };
		AB1000010000000000000009 /* CloudKitStoreTests.swift in Sources */ = {isa = PBXBuildFile; fileRef = AB2000010000000000000009 /* CloudKitStoreTests.swift */; };
		AB1000010000000000000010 /* DataStoreDeletionTests.swift in Sources */ = {isa = PBXBuildFile; fileRef = AB2000010000000000000010 /* DataStoreDeletionTests.swift */; };
		AB1000010000000000000011 /* LocalSessionPersistenceTests.swift in Sources */ = {isa = PBXBuildFile; fileRef = AB2000010000000000000011 /* LocalSessionPersistenceTests.swift */; };
		AB1000010000000000000012 /* JSONTransferTests.swift in Sources */ = {isa = PBXBuildFile; fileRef = AB2000010000000000000012 /* JSONTransferTests.swift */; };
		AB1000010000000000000006 /* SocialProfileStoreTests.swift in Sources */ = {isa = PBXBuildFile; fileRef = AB2000010000000000000006 /* SocialProfileStoreTests.swift */; };
		AB1000010000000000000007 /* WatchSyncReconciliationTests.swift in Sources */ = {isa = PBXBuildFile; fileRef = AB2000010000000000000007 /* WatchSyncReconciliationTests.swift */; };
		B2C3D4E5F6A7B8C9D0E1F2A3 /* WatchActiveSessionView.swift in Sources */ = {isa = PBXBuildFile; fileRef = C2D3E4F5A6B7C8D9E0F1A2B3 /* WatchActiveSessionView.swift */; };
		B2C3D4E5F6A7B8C9D0E1F2A4 /* WatchDrillActiveSessionView.swift in Sources */ = {isa = PBXBuildFile; fileRef = C2D3E4F5A6B7C8D9E0F1A2C4 /* WatchDrillActiveSessionView.swift */; };
		B48C585D837953CA58D88B53 /* WatchQueueStore.swift in Sources */ = {isa = PBXBuildFile; fileRef = 09DDE2033C526CE78DAEBC92 /* WatchQueueStore.swift */; };
		BF105516C3EA12DAF5066C2C /* Foundation.framework in Frameworks */ = {isa = PBXBuildFile; fileRef = FC9E92BF268E25DB78D0CA99 /* Foundation.framework */; };
		C3D4E5F6A7B8C9D0E1F2A3B4 /* WatchEndRackSheet.swift in Sources */ = {isa = PBXBuildFile; fileRef = D3E4F5A6B7C8D9E0F1A2B3C4 /* WatchEndRackSheet.swift */; };
		C9A01D03F8214D38B6C4E021 /* WatchDrillCatalog.swift in Sources */ = {isa = PBXBuildFile; fileRef = C9A01D02F8214D38B6C4E021 /* WatchDrillCatalog.swift */; };
		D4E5F6A7B8C9D0E1F2A3B4C5 /* WatchSessionFinishView.swift in Sources */ = {isa = PBXBuildFile; fileRef = E4F5A6B7C8D9E0F1A2B3C4D5 /* WatchSessionFinishView.swift */; };
		D6781C13732D22A412AD7F22 /* Foundation.framework in Frameworks */ = {isa = PBXBuildFile; fileRef = FC9E92BF268E25DB78D0CA99 /* Foundation.framework */; };
		E183CB44E38FEC4329C81E35 /* WatchSyncModels.swift in Sources */ = {isa = PBXBuildFile; fileRef = 20DB8CB67DEEF7C32E13365F /* WatchSyncModels.swift */; };
		E63058D818592AB17D246454 /* SocialProfileStore.swift in Sources */ = {isa = PBXBuildFile; fileRef = 29CA7AB8BF15DCF9B893FCB7 /* SocialProfileStore.swift */; };
		FE7501CD9D3A4E8E9C1B2F00 /* WatchRuntimeSession.swift in Sources */ = {isa = PBXBuildFile; fileRef = FE8402DE8B5F3F7DAE0C3001 /* WatchRuntimeSession.swift */; };
		FE9503EF7C6B5A8BD1E0400A /* WatchSessionStore.swift in Sources */ = {isa = PBXBuildFile; fileRef = FEA604F08D7C6B9CE2F1501B /* WatchSessionStore.swift */; };
		WA1000010000000000000001 /* Assets.xcassets in Resources */ = {isa = PBXBuildFile; fileRef = AA2000010000000000000011 /* Assets.xcassets */; };
/* End PBXBuildFile section */

/* Begin PBXContainerItemProxy section */
		2196D4CFDE10F384E6D74D34 /* PBXContainerItemProxy */ = {
			isa = PBXContainerItemProxy;
			containerPortal = AA6000010000000000000001 /* Project object */;
			proxyType = 1;
			remoteGlobalIDString = 322A82D7DD5380894A1D5DA1;
			remoteInfo = PoolStatsWatchApp;
		};
		7666B305D8ED99F6C78BD5AE /* PBXContainerItemProxy */ = {
			isa = PBXContainerItemProxy;
			containerPortal = AA6000010000000000000001 /* Project object */;
			proxyType = 1;
			remoteGlobalIDString = C00D05DCA8A06095BCC74361;
			remoteInfo = PoolStatsWatchComplications;
		};
		9B165BBFE3C4136164BDBC83 /* PBXContainerItemProxy */ = {
			isa = PBXContainerItemProxy;
			containerPortal = AA6000010000000000000001 /* Project object */;
			proxyType = 1;
			remoteGlobalIDString = 32129069343BA03C31C114B6;
			remoteInfo = PoolStatsWatchExtension;
		};
		AB1000020000000000000001 /* PBXContainerItemProxy */ = {
			isa = PBXContainerItemProxy;
			containerPortal = AA6000010000000000000001 /* Project object */;
			proxyType = 1;
			remoteGlobalIDString = AA5000010000000000000001;
			remoteInfo = PoolStats;
		};
/* End PBXContainerItemProxy section */

/* Begin PBXCopyFilesBuildPhase section */
		D628F696F7319A460A1D35F7 /* Embed App Extensions */ = {
			isa = PBXCopyFilesBuildPhase;
			buildActionMask = 2147483647;
			dstPath = "";
			dstSubfolderSpec = 13;
			files = (
				361A8B865609ADA31C805909 /* PoolStatsWatchExtension.appex in Embed App Extensions */,
				4F615CB5132527D2AF44A03F /* PoolStatsWatchComplications.appex in Embed App Extensions */,
			);
			name = "Embed App Extensions";
			runOnlyForDeploymentPostprocessing = 0;
		};
/* End PBXCopyFilesBuildPhase section */

/* Begin PBXFileReference section */
		09DDE2033C526CE78DAEBC92 /* WatchQueueStore.swift */ = {isa = PBXFileReference; includeInIndex = 1; lastKnownFileType = sourcecode.swift; path = WatchQueueStore.swift; sourceTree = "<group>"; };
		0C9A91B9066103F654E63871 /* PoolStatsWatchComplications.swift */ = {isa = PBXFileReference; includeInIndex = 1; lastKnownFileType = sourcecode.swift; path = PoolStatsWatchComplications.swift; sourceTree = "<group>"; };
		20DB8CB67DEEF7C32E13365F /* WatchSyncModels.swift */ = {isa = PBXFileReference; includeInIndex = 1; lastKnownFileType = sourcecode.swift; path = WatchSyncModels.swift; sourceTree = "<group>"; };
		29CA7AB8BF15DCF9B893FCB7 /* SocialProfileStore.swift */ = {isa = PBXFileReference; includeInIndex = 1; lastKnownFileType = sourcecode.swift; path = SocialProfileStore.swift; sourceTree = "<group>"; };
		2E2CC21B0A18309FA9BDCF2E /* PoolStatsWatchComplications.entitlements */ = {isa = PBXFileReference; includeInIndex = 1; lastKnownFileType = text.plist.entitlements; path = PoolStatsWatchComplications.entitlements; sourceTree = "<group>"; };
		304A8C77D82733F0C7CB230C /* WatchConnectivityClient.swift */ = {isa = PBXFileReference; includeInIndex = 1; lastKnownFileType = sourcecode.swift; path = WatchConnectivityClient.swift; sourceTree = "<group>"; };
		4918DD309E6478BF48903FDF /* Info.plist */ = {isa = PBXFileReference; includeInIndex = 1; lastKnownFileType = text.plist.xml; path = Info.plist; sourceTree = "<group>"; };
		4E5534E7B76A00C357B30B0E /* WatchComplicationState.swift */ = {isa = PBXFileReference; includeInIndex = 1; lastKnownFileType = sourcecode.swift; path = WatchComplicationState.swift; sourceTree = "<group>"; };
		5A41B497ECE1C81D983FA4AA /* WatchApp-Info.plist */ = {isa = PBXFileReference; includeInIndex = 1; lastKnownFileType = text.plist.xml; path = "WatchApp-Info.plist"; sourceTree = "<group>"; };
		664A64AFB0ECF914A77B36B3 /* PoolStatsWatchApp.app */ = {isa = PBXFileReference; explicitFileType = wrapper.application; includeInIndex = 0; path = PoolStatsWatchApp.app; sourceTree = BUILT_PRODUCTS_DIR; };
		6796882EB3A1DC2039DB20C0 /* PoolStatsWatchExtension.appex */ = {isa = PBXFileReference; explicitFileType = "wrapper.app-extension"; includeInIndex = 0; path = PoolStatsWatchExtension.appex; sourceTree = BUILT_PRODUCTS_DIR; };
		886D45192F89469F00338AC1 /* PoolStats.entitlements */ = {isa = PBXFileReference; lastKnownFileType = text.plist.entitlements; path = PoolStats.entitlements; sourceTree = "<group>"; };
		9EB5F481BF3F9925C1F51611 /* PoolStatsWatchComplications.appex */ = {isa = PBXFileReference; explicitFileType = "wrapper.app-extension"; includeInIndex = 0; path = PoolStatsWatchComplications.appex; sourceTree = BUILT_PRODUCTS_DIR; };
		A03E32D9A1C7D5795E26164D /* PoolStatsWatchApp.swift */ = {isa = PBXFileReference; includeInIndex = 1; lastKnownFileType = sourcecode.swift; path = PoolStatsWatchApp.swift; sourceTree = "<group>"; };
		AA2000010000000000000001 /* PoolStatsApp.swift */ = {isa = PBXFileReference; lastKnownFileType = sourcecode.swift; path = PoolStatsApp.swift; sourceTree = "<group>"; };
		AA2000010000000000000002 /* CloudKitStore.swift */ = {isa = PBXFileReference; lastKnownFileType = sourcecode.swift; path = CloudKitStore.swift; sourceTree = "<group>"; };
		AA2000010000000000000003 /* DataStore.swift */ = {isa = PBXFileReference; lastKnownFileType = sourcecode.swift; path = DataStore.swift; sourceTree = "<group>"; };
		AA2000010000000000000004 /* Filters.swift */ = {isa = PBXFileReference; lastKnownFileType = sourcecode.swift; path = Filters.swift; sourceTree = "<group>"; };
		AA2000010000000000000005 /* Rack.swift */ = {isa = PBXFileReference; lastKnownFileType = sourcecode.swift; path = Rack.swift; sourceTree = "<group>"; };
		AA2000010000000000000006 /* JSONTransfer.swift */ = {isa = PBXFileReference; lastKnownFileType = sourcecode.swift; path = JSONTransfer.swift; sourceTree = "<group>"; };
		BA2000010000000000000001 /* DashboardImportExportSupport.swift */ = {isa = PBXFileReference; lastKnownFileType = sourcecode.swift; path = DashboardImportExportSupport.swift; sourceTree = "<group>"; };
		BA2000010000000000000002 /* LocalSessionPersistence.swift */ = {isa = PBXFileReference; lastKnownFileType = sourcecode.swift; path = LocalSessionPersistence.swift; sourceTree = "<group>"; };
		BA2000010000000000000003 /* JSONTransferPayloads.swift */ = {isa = PBXFileReference; lastKnownFileType = sourcecode.swift; path = JSONTransferPayloads.swift; sourceTree = "<group>"; };
		BA2000010000000000000004 /* SocialProfileLocalPersistence.swift */ = {isa = PBXFileReference; lastKnownFileType = sourcecode.swift; path = SocialProfileLocalPersistence.swift; sourceTree = "<group>"; };
		BA2000010000000000000005 /* SocialProfileIdentity.swift */ = {isa = PBXFileReference; lastKnownFileType = sourcecode.swift; path = SocialProfileIdentity.swift; sourceTree = "<group>"; };
		BA2000010000000000000006 /* FriendsSettingsComponents.swift */ = {isa = PBXFileReference; lastKnownFileType = sourcecode.swift; path = FriendsSettingsComponents.swift; sourceTree = "<group>"; };
		AA2000010000000000000007 /* Session.swift */ = {isa = PBXFileReference; lastKnownFileType = sourcecode.swift; path = Session.swift; sourceTree = "<group>"; };
		AA2000010000000000000008 /* Analytics.swift */ = {isa = PBXFileReference; lastKnownFileType = sourcecode.swift; path = Analytics.swift; sourceTree = "<group>"; };
		AA2000010000000000000009 /* Components.swift */ = {isa = PBXFileReference; lastKnownFileType = sourcecode.swift; path = Components.swift; sourceTree = "<group>"; };
		AA200001000000000000000A /* Theme.swift */ = {isa = PBXFileReference; lastKnownFileType = sourcecode.swift; path = Theme.swift; sourceTree = "<group>"; };
		AA200001000000000000000B /* HistoryView.swift */ = {isa = PBXFileReference; lastKnownFileType = sourcecode.swift; path = HistoryView.swift; sourceTree = "<group>"; };
		AA200001000000000000000C /* LogView.swift */ = {isa = PBXFileReference; lastKnownFileType = sourcecode.swift; path = LogView.swift; sourceTree = "<group>"; };
		AA200001000000000000000D /* JSONDocument.swift */ = {isa = PBXFileReference; lastKnownFileType = sourcecode.swift; path = JSONDocument.swift; sourceTree = "<group>"; };
		AA200001000000000000000E /* RootView.swift */ = {isa = PBXFileReference; lastKnownFileType = sourcecode.swift; path = RootView.swift; sourceTree = "<group>"; };
		AA200001000000000000000F /* SummaryView.swift */ = {isa = PBXFileReference; lastKnownFileType = sourcecode.swift; path = SummaryView.swift; sourceTree = "<group>"; };
		AA2000010000000000000010 /* DashboardView.swift */ = {isa = PBXFileReference; lastKnownFileType = sourcecode.swift; path = DashboardView.swift; sourceTree = "<group>"; };
		AA2000010000000000000011 /* Assets.xcassets */ = {isa = PBXFileReference; lastKnownFileType = folder.assetcatalog; path = Assets.xcassets; sourceTree = "<group>"; };
		AA2000010000000000000012 /* Resources/Info.plist */ = {isa = PBXFileReference; lastKnownFileType = text.plist.xml; path = Resources/Info.plist; sourceTree = "<group>"; };
		AA2000010000000000000013 /* PoolStats.app */ = {isa = PBXFileReference; explicitFileType = wrapper.application; path = PoolStats.app; sourceTree = BUILT_PRODUCTS_DIR; };
		D1E2F301A1B2C3D4E5F60801 /* PrivacyInfo.xcprivacy */ = {isa = PBXFileReference; lastKnownFileType = text.xml; path = PrivacyInfo.xcprivacy; sourceTree = "<group>"; };
		D1E2F301A1B2C3D4E5F60802 /* PrivacyInfo.xcprivacy */ = {isa = PBXFileReference; lastKnownFileType = text.xml; path = PrivacyInfo.xcprivacy; sourceTree = "<group>"; };
		AA2000010000000000000014 /* SampleData.swift */ = {isa = PBXFileReference; lastKnownFileType = sourcecode.swift; path = SampleData.swift; sourceTree = "<group>"; };
		AA2000010000000000000015 /* LogStartView.swift */ = {isa = PBXFileReference; lastKnownFileType = sourcecode.swift; path = LogStartView.swift; sourceTree = "<group>"; };
		AA2000010000000000000016 /* LogActiveView.swift */ = {isa = PBXFileReference; lastKnownFileType = sourcecode.swift; path = LogActiveView.swift; sourceTree = "<group>"; };
		AA2000010000000000000017 /* AnalyticsTrend.swift */ = {isa = PBXFileReference; lastKnownFileType = sourcecode.swift; path = AnalyticsTrend.swift; sourceTree = "<group>"; };
		AA2000010000000000000018 /* AnalyticsMistakes.swift */ = {isa = PBXFileReference; lastKnownFileType = sourcecode.swift; path = AnalyticsMistakes.swift; sourceTree = "<group>"; };
		AA2000010000000000000019 /* AnalyticsSkills.swift */ = {isa = PBXFileReference; lastKnownFileType = sourcecode.swift; path = AnalyticsSkills.swift; sourceTree = "<group>"; };
		AA200001000000000000001A /* AnalyticsFargo.swift */ = {isa = PBXFileReference; lastKnownFileType = sourcecode.swift; path = AnalyticsFargo.swift; sourceTree = "<group>"; };
		AA200001000000000000001B /* AnalyticsInsights.swift */ = {isa = PBXFileReference; lastKnownFileType = sourcecode.swift; path = AnalyticsInsights.swift; sourceTree = "<group>"; };
		AA200001000000000000001C /* AnalyticsMath.swift */ = {isa = PBXFileReference; lastKnownFileType = sourcecode.swift; path = AnalyticsMath.swift; sourceTree = "<group>"; };
		AA200001000000000000001D /* SessionService.swift */ = {isa = PBXFileReference; lastKnownFileType = sourcecode.swift; path = SessionService.swift; sourceTree = "<group>"; };
		AA200001000000000000001E /* AppFormatters.swift */ = {isa = PBXFileReference; lastKnownFileType = sourcecode.swift; path = AppFormatters.swift; sourceTree = "<group>"; };
		AA200001000000000000001F /* SettingsView.swift */ = {isa = PBXFileReference; lastKnownFileType = sourcecode.swift; path = SettingsView.swift; sourceTree = "<group>"; };
		AA2000010000000000000020 /* Goals.swift */ = {isa = PBXFileReference; lastKnownFileType = sourcecode.swift; path = Goals.swift; sourceTree = "<group>"; };
		AA2000010000000000000021 /* GoalsView.swift */ = {isa = PBXFileReference; lastKnownFileType = sourcecode.swift; path = GoalsView.swift; sourceTree = "<group>"; };
		AA2000010000000000000022 /* GoalWindow.swift */ = {isa = PBXFileReference; lastKnownFileType = sourcecode.swift; path = GoalWindow.swift; sourceTree = "<group>"; };
		AA2000010000000000000023 /* GoalMetric.swift */ = {isa = PBXFileReference; lastKnownFileType = sourcecode.swift; path = GoalMetric.swift; sourceTree = "<group>"; };
		AA2000010000000000000024 /* GoalsStore.swift */ = {isa = PBXFileReference; lastKnownFileType = sourcecode.swift; path = GoalsStore.swift; sourceTree = "<group>"; };
		AA2000010000000000000025 /* GoalCard.swift */ = {isa = PBXFileReference; lastKnownFileType = sourcecode.swift; path = GoalCard.swift; sourceTree = "<group>"; };
		AA2000010000000000000026 /* GoalOverlays.swift */ = {isa = PBXFileReference; lastKnownFileType = sourcecode.swift; path = GoalOverlays.swift; sourceTree = "<group>"; };
		AA2000010000000000000027 /* GoalEditorSheet.swift */ = {isa = PBXFileReference; lastKnownFileType = sourcecode.swift; path = GoalEditorSheet.swift; sourceTree = "<group>"; };
		AA2000010000000000000028 /* SettingsDetailView.swift */ = {isa = PBXFileReference; lastKnownFileType = sourcecode.swift; path = SettingsDetailView.swift; sourceTree = "<group>"; };
		AA2000010000000000000029 /* GoalEditorSupport.swift */ = {isa = PBXFileReference; lastKnownFileType = sourcecode.swift; path = GoalEditorSupport.swift; sourceTree = "<group>"; };
		AA200001000000000000002A /* Cards.swift */ = {isa = PBXFileReference; lastKnownFileType = sourcecode.swift; path = Cards.swift; sourceTree = "<group>"; };
		AA200001000000000000002B /* Controls.swift */ = {isa = PBXFileReference; lastKnownFileType = sourcecode.swift; path = Controls.swift; sourceTree = "<group>"; };
		AA200001000000000000002C /* Layout.swift */ = {isa = PBXFileReference; lastKnownFileType = sourcecode.swift; path = Layout.swift; sourceTree = "<group>"; };
		AA200001000000000000002D /* OpponentStore.swift */ = {isa = PBXFileReference; lastKnownFileType = sourcecode.swift; path = OpponentStore.swift; sourceTree = "<group>"; };
		AA200001000000000000002E /* OpponentManagementView.swift */ = {isa = PBXFileReference; lastKnownFileType = sourcecode.swift; path = OpponentManagementView.swift; sourceTree = "<group>"; };
		AA200001000000000000002F /* SessionLogStore.swift */ = {isa = PBXFileReference; lastKnownFileType = sourcecode.swift; path = SessionLogStore.swift; sourceTree = "<group>"; };
		AA2000010000000000000030 /* AuthStore.swift */ = {isa = PBXFileReference; lastKnownFileType = sourcecode.swift; path = AuthStore.swift; sourceTree = "<group>"; };
		AA2000010000000000000031 /* OnboardingFlowView.swift */ = {isa = PBXFileReference; lastKnownFileType = sourcecode.swift; path = OnboardingFlowView.swift; sourceTree = "<group>"; };
		AA2000010000000000000032 /* MeSettingsView.swift */ = {isa = PBXFileReference; lastKnownFileType = sourcecode.swift; path = MeSettingsView.swift; sourceTree = "<group>"; };
		AA2000010000000000000033 /* AccountSettingsView.swift */ = {isa = PBXFileReference; lastKnownFileType = sourcecode.swift; path = AccountSettingsView.swift; sourceTree = "<group>"; };
		AA2000010000000000000034 /* AppearanceSettingsView.swift */ = {isa = PBXFileReference; lastKnownFileType = sourcecode.swift; path = AppearanceSettingsView.swift; sourceTree = "<group>"; };
		AA2000010000000000000035 /* DataSettingsView.swift */ = {isa = PBXFileReference; lastKnownFileType = sourcecode.swift; path = DataSettingsView.swift; sourceTree = "<group>"; };
		AA2000010000000000000036 /* AppDelegate.swift */ = {isa = PBXFileReference; lastKnownFileType = sourcecode.swift; path = AppDelegate.swift; sourceTree = "<group>"; };
		AA2000010000000000000037 /* Drills.swift */ = {isa = PBXFileReference; lastKnownFileType = sourcecode.swift; path = Drills.swift; sourceTree = "<group>"; };
		AA2000010000000000000038 /* DrillsView.swift */ = {isa = PBXFileReference; lastKnownFileType = sourcecode.swift; path = DrillsView.swift; sourceTree = "<group>"; };
		AA2000010000000000000039 /* DrillDiagramView.swift */ = {isa = PBXFileReference; lastKnownFileType = sourcecode.swift; path = DrillDiagramView.swift; sourceTree = "<group>"; };
		AA200001000000000000003A /* DrillControls.swift */ = {isa = PBXFileReference; lastKnownFileType = sourcecode.swift; path = DrillControls.swift; sourceTree = "<group>"; };
		AA200001000000000000003B /* LogStartComponents.swift */ = {isa = PBXFileReference; lastKnownFileType = sourcecode.swift; path = LogStartComponents.swift; sourceTree = "<group>"; };
		AA200001000000000000003C /* DrillLibraryCatalog.swift */ = {isa = PBXFileReference; lastKnownFileType = sourcecode.swift; path = DrillLibraryCatalog.swift; sourceTree = "<group>"; };
		AA200001000000000000003D /* DashboardSupportViews.swift */ = {isa = PBXFileReference; lastKnownFileType = sourcecode.swift; path = DashboardSupportViews.swift; sourceTree = "<group>"; };
		AA200001000000000000003E /* FriendMatchSharing.swift */ = {isa = PBXFileReference; lastKnownFileType = sourcecode.swift; path = FriendMatchSharing.swift; sourceTree = "<group>"; };
		AA200001000000000000003F /* FriendsSettingsView.swift */ = {isa = PBXFileReference; lastKnownFileType = sourcecode.swift; path = FriendsSettingsView.swift; sourceTree = "<group>"; };
		AA2000010000000000000040 /* DrillDetailView.swift */ = {isa = PBXFileReference; lastKnownFileType = sourcecode.swift; path = DrillDetailView.swift; sourceTree = "<group>"; };
		AA2000010000000000000041 /* DrillLogActiveView.swift */ = {isa = PBXFileReference; lastKnownFileType = sourcecode.swift; path = DrillLogActiveView.swift; sourceTree = "<group>"; };
		AA2000010000000000000042 /* DrillSharedViews.swift */ = {isa = PBXFileReference; lastKnownFileType = sourcecode.swift; path = DrillSharedViews.swift; sourceTree = "<group>"; };
		AA2000010000000000000043 /* LandscapeScoreboardView.swift */ = {isa = PBXFileReference; lastKnownFileType = sourcecode.swift; path = LandscapeScoreboardView.swift; sourceTree = "<group>"; };
		AA2000010000000000000044 /* FriendsPublicProfileSection.swift */ = {isa = PBXFileReference; lastKnownFileType = sourcecode.swift; path = FriendsPublicProfileSection.swift; sourceTree = "<group>"; };
		AA2000010000000000000045 /* WatchSyncStore.swift */ = {isa = PBXFileReference; lastKnownFileType = sourcecode.swift; path = WatchSyncStore.swift; sourceTree = "<group>"; };
		AA2000010000000000000046 /* WatchSyncReconciliation.swift */ = {isa = PBXFileReference; lastKnownFileType = sourcecode.swift; path = WatchSyncReconciliation.swift; sourceTree = "<group>"; };
		AA2000010000000000000047 /* AppLanguageStore.swift */ = {isa = PBXFileReference; lastKnownFileType = sourcecode.swift; path = AppLanguageStore.swift; sourceTree = "<group>"; };
		AA2000010000000000000048 /* AppCopy.swift */ = {isa = PBXFileReference; lastKnownFileType = sourcecode.swift; path = AppCopy.swift; sourceTree = "<group>"; };
		C1A2B3C4D5E6F708192A3B4E /* en */ = {isa = PBXFileReference; lastKnownFileType = text.plist.strings; name = en; path = en.lproj/Localizable.strings; sourceTree = "<group>"; };
		C1A2B3C4D5E6F708192A3B4F /* zh-Hans */ = {isa = PBXFileReference; lastKnownFileType = text.plist.strings; name = "zh-Hans"; path = "zh-Hans.lproj/Localizable.strings"; sourceTree = "<group>"; };
		AAAABBBBCCCCDDDD00000001 /* WatchConnectivityCodec.swift */ = {isa = PBXFileReference; lastKnownFileType = sourcecode.swift; path = WatchConnectivityCodec.swift; sourceTree = "<group>"; };
		AAAABBBBCCCCDDDD00000002 /* WatchRackPatching.swift */ = {isa = PBXFileReference; lastKnownFileType = sourcecode.swift; path = WatchRackPatching.swift; sourceTree = "<group>"; };
		AAAABBBBCCCCDDDD00000003 /* WatchSessionFactory.swift */ = {isa = PBXFileReference; lastKnownFileType = sourcecode.swift; path = WatchSessionFactory.swift; sourceTree = "<group>"; };
		AAAABBBBCCCCDDDD00000004 /* WatchSessionPersistence.swift */ = {isa = PBXFileReference; lastKnownFileType = sourcecode.swift; path = WatchSessionPersistence.swift; sourceTree = "<group>"; };
		AAAABBBBCCCCDDDD00000005 /* WatchMatchScoreFlashView.swift */ = {isa = PBXFileReference; lastKnownFileType = sourcecode.swift; path = WatchMatchScoreFlashView.swift; sourceTree = "<group>"; };
		AAAABBBBCCCCDDDD00000006 /* WatchPhoneSnapshotTransport.swift */ = {isa = PBXFileReference; lastKnownFileType = sourcecode.swift; path = WatchPhoneSnapshotTransport.swift; sourceTree = "<group>"; };
		AB2000010000000000000001 /* GoalMetricTests.swift */ = {isa = PBXFileReference; lastKnownFileType = sourcecode.swift; path = GoalMetricTests.swift; sourceTree = "<group>"; };
		AB2000010000000000000002 /* GoalWindowTests.swift */ = {isa = PBXFileReference; lastKnownFileType = sourcecode.swift; path = GoalWindowTests.swift; sourceTree = "<group>"; };
		AB2000010000000000000003 /* DrillSessionTests.swift */ = {isa = PBXFileReference; lastKnownFileType = sourcecode.swift; path = DrillSessionTests.swift; sourceTree = "<group>"; };
		AB2000010000000000000004 /* TestFixtures.swift */ = {isa = PBXFileReference; lastKnownFileType = sourcecode.swift; path = TestFixtures.swift; sourceTree = "<group>"; };
		AB2000010000000000000005 /* PoolStatsTests.xctest */ = {isa = PBXFileReference; explicitFileType = wrapper.cfbundle; includeInIndex = 0; path = PoolStatsTests.xctest; sourceTree = BUILT_PRODUCTS_DIR; };
		AB2000010000000000000006 /* SocialProfileStoreTests.swift */ = {isa = PBXFileReference; lastKnownFileType = sourcecode.swift; path = SocialProfileStoreTests.swift; sourceTree = "<group>"; };
		AB2000010000000000000007 /* WatchSyncReconciliationTests.swift */ = {isa = PBXFileReference; lastKnownFileType = sourcecode.swift; path = WatchSyncReconciliationTests.swift; sourceTree = "<group>"; };
		AB2000010000000000000008 /* CompatibilityRegressionTests.swift */ = {isa = PBXFileReference; lastKnownFileType = sourcecode.swift; path = CompatibilityRegressionTests.swift; sourceTree = "<group>"; };
		AB2000010000000000000009 /* CloudKitStoreTests.swift */ = {isa = PBXFileReference; lastKnownFileType = sourcecode.swift; path = CloudKitStoreTests.swift; sourceTree = "<group>"; };
		AB2000010000000000000010 /* DataStoreDeletionTests.swift */ = {isa = PBXFileReference; lastKnownFileType = sourcecode.swift; path = DataStoreDeletionTests.swift; sourceTree = "<group>"; };
		AB2000010000000000000011 /* LocalSessionPersistenceTests.swift */ = {isa = PBXFileReference; lastKnownFileType = sourcecode.swift; path = LocalSessionPersistenceTests.swift; sourceTree = "<group>"; };
		AB2000010000000000000012 /* JSONTransferTests.swift */ = {isa = PBXFileReference; lastKnownFileType = sourcecode.swift; path = JSONTransferTests.swift; sourceTree = "<group>"; };
		B1C2D3E4F5A6B7C8D9E0F1A2 /* WatchSessionStartView.swift */ = {isa = PBXFileReference; includeInIndex = 1; lastKnownFileType = sourcecode.swift; path = WatchSessionStartView.swift; sourceTree = "<group>"; };
		B95EF770F4471EEB79F44729 /* WatchExtension-Info.plist */ = {isa = PBXFileReference; includeInIndex = 1; lastKnownFileType = text.plist.xml; path = "WatchExtension-Info.plist"; sourceTree = "<group>"; };
		C2D3E4F5A6B7C8D9E0F1A2B3 /* WatchActiveSessionView.swift */ = {isa = PBXFileReference; includeInIndex = 1; lastKnownFileType = sourcecode.swift; path = WatchActiveSessionView.swift; sourceTree = "<group>"; };
		C2D3E4F5A6B7C8D9E0F1A2C4 /* WatchDrillActiveSessionView.swift */ = {isa = PBXFileReference; includeInIndex = 1; lastKnownFileType = sourcecode.swift; path = WatchDrillActiveSessionView.swift; sourceTree = "<group>"; };
		C9A01D02F8214D38B6C4E021 /* WatchDrillCatalog.swift */ = {isa = PBXFileReference; includeInIndex = 1; lastKnownFileType = sourcecode.swift; path = WatchDrillCatalog.swift; sourceTree = "<group>"; };
		D3E4F5A6B7C8D9E0F1A2B3C4 /* WatchEndRackSheet.swift */ = {isa = PBXFileReference; includeInIndex = 1; lastKnownFileType = sourcecode.swift; path = WatchEndRackSheet.swift; sourceTree = "<group>"; };
		E4F5A6B7C8D9E0F1A2B3C4D5 /* WatchSessionFinishView.swift */ = {isa = PBXFileReference; includeInIndex = 1; lastKnownFileType = sourcecode.swift; path = WatchSessionFinishView.swift; sourceTree = "<group>"; };
		FAA5765BC3D4AB7AD4B7CAFC /* PoolStatsWatchExtension.entitlements */ = {isa = PBXFileReference; includeInIndex = 1; lastKnownFileType = text.plist.entitlements; path = PoolStatsWatchExtension.entitlements; sourceTree = "<group>"; };
		FC9E92BF268E25DB78D0CA99 /* Foundation.framework */ = {isa = PBXFileReference; lastKnownFileType = wrapper.framework; name = Foundation.framework; path = Platforms/WatchOS.platform/Developer/SDKs/WatchOS11.0.sdk/System/Library/Frameworks/Foundation.framework; sourceTree = DEVELOPER_DIR; };
		FE8402DE8B5F3F7DAE0C3001 /* WatchRuntimeSession.swift */ = {isa = PBXFileReference; includeInIndex = 1; lastKnownFileType = sourcecode.swift; path = WatchRuntimeSession.swift; sourceTree = "<group>"; };
		FEA604F08D7C6B9CE2F1501B /* WatchSessionStore.swift */ = {isa = PBXFileReference; includeInIndex = 1; lastKnownFileType = sourcecode.swift; path = WatchSessionStore.swift; sourceTree = "<group>"; };
/* End PBXFileReference section */

/* Begin PBXFrameworksBuildPhase section */
		45535282E414C0B9F9FB32E9 /* Frameworks */ = {
			isa = PBXFrameworksBuildPhase;
			buildActionMask = 2147483647;
			files = (
				BF105516C3EA12DAF5066C2C /* Foundation.framework in Frameworks */,
			);
			runOnlyForDeploymentPostprocessing = 0;
		};
		6A2682BD35D12FCB6D805D46 /* Frameworks */ = {
			isa = PBXFrameworksBuildPhase;
			buildActionMask = 2147483647;
			files = (
				A72E884BB1CD551125DE4E8E /* Foundation.framework in Frameworks */,
			);
			runOnlyForDeploymentPostprocessing = 0;
		};
		85476D5AEB6BC82D88132857 /* Frameworks */ = {
			isa = PBXFrameworksBuildPhase;
			buildActionMask = 2147483647;
			files = (
				D6781C13732D22A412AD7F22 /* Foundation.framework in Frameworks */,
			);
			runOnlyForDeploymentPostprocessing = 0;
		};
		AA3000010000000000000001 /* Frameworks */ = {
			isa = PBXFrameworksBuildPhase;
			buildActionMask = 2147483647;
			files = (
			);
			runOnlyForDeploymentPostprocessing = 0;
		};
		AB3000010000000000000001 /* Frameworks */ = {
			isa = PBXFrameworksBuildPhase;
			buildActionMask = 2147483647;
			files = (
			);
			runOnlyForDeploymentPostprocessing = 0;
		};
/* End PBXFrameworksBuildPhase section */

/* Begin PBXGroup section */
		00CAC026206F8DCB79AD2F72 /* WatchComplications */ = {
			isa = PBXGroup;
			children = (
				0C9A91B9066103F654E63871 /* PoolStatsWatchComplications.swift */,
				4918DD309E6478BF48903FDF /* Info.plist */,
				2E2CC21B0A18309FA9BDCF2E /* PoolStatsWatchComplications.entitlements */,
			);
			path = WatchComplications;
			sourceTree = "<group>";
		};
		2F588EC825C4C4E826362F45 /* Watch */ = {
			isa = PBXGroup;
			children = (
				A03E32D9A1C7D5795E26164D /* PoolStatsWatchApp.swift */,
				B1C2D3E4F5A6B7C8D9E0F1A2 /* WatchSessionStartView.swift */,
				C2D3E4F5A6B7C8D9E0F1A2B3 /* WatchActiveSessionView.swift */,
				C2D3E4F5A6B7C8D9E0F1A2C4 /* WatchDrillActiveSessionView.swift */,
				C9A01D02F8214D38B6C4E021 /* WatchDrillCatalog.swift */,
				D3E4F5A6B7C8D9E0F1A2B3C4 /* WatchEndRackSheet.swift */,
				E4F5A6B7C8D9E0F1A2B3C4D5 /* WatchSessionFinishView.swift */,
				304A8C77D82733F0C7CB230C /* WatchConnectivityClient.swift */,
				AAAABBBBCCCCDDDD00000001 /* WatchConnectivityCodec.swift */,
				09DDE2033C526CE78DAEBC92 /* WatchQueueStore.swift */,
				20DB8CB67DEEF7C32E13365F /* WatchSyncModels.swift */,
				FE8402DE8B5F3F7DAE0C3001 /* WatchRuntimeSession.swift */,
				FEA604F08D7C6B9CE2F1501B /* WatchSessionStore.swift */,
				AAAABBBBCCCCDDDD00000002 /* WatchRackPatching.swift */,
				AAAABBBBCCCCDDDD00000003 /* WatchSessionFactory.swift */,
				AAAABBBBCCCCDDDD00000004 /* WatchSessionPersistence.swift */,
				AAAABBBBCCCCDDDD00000005 /* WatchMatchScoreFlashView.swift */,
				5A41B497ECE1C81D983FA4AA /* WatchApp-Info.plist */,
				B95EF770F4471EEB79F44729 /* WatchExtension-Info.plist */,
				4E5534E7B76A00C357B30B0E /* WatchComplicationState.swift */,
				D1E2F301A1B2C3D4E5F60802 /* PrivacyInfo.xcprivacy */,
				FAA5765BC3D4AB7AD4B7CAFC /* PoolStatsWatchExtension.entitlements */,
			);
			path = Watch;
			sourceTree = "<group>";
		};
		86F38CDB3C596F2CD2F91064 /* Frameworks */ = {
			isa = PBXGroup;
			children = (
				CBD044E3B51CCCAE273A72CF /* watchOS */,
			);
			name = Frameworks;
			sourceTree = "<group>";
		};
		AA4000010000000000000001 = {
			isa = PBXGroup;
			children = (
				886D45192F89469F00338AC1 /* PoolStats.entitlements */,
				AA4000010000000000000002,
				AB4000010000000000000001 /* ../PoolStatsTests */,
				AA2000010000000000000013 /* PoolStats.app */,
				AB2000010000000000000005 /* PoolStatsTests.xctest */,
				664A64AFB0ECF914A77B36B3 /* PoolStatsWatchApp.app */,
				86F38CDB3C596F2CD2F91064 /* Frameworks */,
				6796882EB3A1DC2039DB20C0 /* PoolStatsWatchExtension.appex */,
				9EB5F481BF3F9925C1F51611 /* PoolStatsWatchComplications.appex */,
			);
			sourceTree = "<group>";
		};
		AA4000010000000000000002 = {
			isa = PBXGroup;
			children = (
				AA2000010000000000000001 /* PoolStatsApp.swift */,
				AA2000010000000000000036 /* AppDelegate.swift */,
				AA4000010000000000000003 /* Cloud */,
				AA4000010000000000000004 /* Models */,
				AA4000010000000000000005 /* UI */,
				AA4000010000000000000006 /* Resources */,
				AA2000010000000000000012 /* Resources/Info.plist */,
				2F588EC825C4C4E826362F45 /* Watch */,
				00CAC026206F8DCB79AD2F72 /* WatchComplications */,
			);
			sourceTree = "<group>";
		};
		AA4000010000000000000003 /* Cloud */ = {
			isa = PBXGroup;
			children = (
				AA2000010000000000000002 /* CloudKitStore.swift */,
				AA2000010000000000000003 /* DataStore.swift */,
				BA2000010000000000000002 /* LocalSessionPersistence.swift */,
				BA2000010000000000000004 /* SocialProfileLocalPersistence.swift */,
				BA2000010000000000000005 /* SocialProfileIdentity.swift */,
				AA2000010000000000000045 /* WatchSyncStore.swift */,
				AAAABBBBCCCCDDDD00000006 /* WatchPhoneSnapshotTransport.swift */,
				AA200001000000000000002F /* SessionLogStore.swift */,
				AA2000010000000000000030 /* AuthStore.swift */,
				29CA7AB8BF15DCF9B893FCB7 /* SocialProfileStore.swift */,
				AA200001000000000000003E /* FriendMatchSharing.swift */,
				AA200001000000000000001D /* SessionService.swift */,
			);
			path = Cloud;
			sourceTree = "<group>";
		};
		AA4000010000000000000004 /* Models */ = {
			isa = PBXGroup;
			children = (
				AA2000010000000000000004 /* Filters.swift */,
				AA2000010000000000000005 /* Rack.swift */,
				AA2000010000000000000006 /* JSONTransfer.swift */,
				BA2000010000000000000003 /* JSONTransferPayloads.swift */,
				AA2000010000000000000007 /* Session.swift */,
				AA2000010000000000000008 /* Analytics.swift */,
				AA2000010000000000000017 /* AnalyticsTrend.swift */,
				AA2000010000000000000018 /* AnalyticsMistakes.swift */,
				AA2000010000000000000019 /* AnalyticsSkills.swift */,
				AA200001000000000000001A /* AnalyticsFargo.swift */,
				AA200001000000000000001B /* AnalyticsInsights.swift */,
				AA200001000000000000001C /* AnalyticsMath.swift */,
				AA2000010000000000000014 /* SampleData.swift */,
				AA200001000000000000001E /* AppFormatters.swift */,
				AA2000010000000000000046 /* WatchSyncReconciliation.swift */,
				AA200001000000000000002D /* OpponentStore.swift */,
				AA2000010000000000000047 /* AppLanguageStore.swift */,
				AA2000010000000000000048 /* AppCopy.swift */,
				AA2000010000000000000020 /* Goals.swift */,
				AA2000010000000000000022 /* GoalWindow.swift */,
				AA2000010000000000000023 /* GoalMetric.swift */,
				AA2000010000000000000024 /* GoalsStore.swift */,
				AA2000010000000000000037 /* Drills.swift */,
				AA200001000000000000003C /* DrillLibraryCatalog.swift */,
			);
			path = Models;
			sourceTree = "<group>";
		};
		AA4000010000000000000005 /* UI */ = {
			isa = PBXGroup;
			children = (
				AA2000010000000000000009 /* Components.swift */,
				AA200001000000000000000A /* Theme.swift */,
				AA200001000000000000000B /* HistoryView.swift */,
				AA200001000000000000000C /* LogView.swift */,
				AA2000010000000000000015 /* LogStartView.swift */,
				AA200001000000000000003B /* LogStartComponents.swift */,
				AA2000010000000000000016 /* LogActiveView.swift */,
				AA2000010000000000000043 /* LandscapeScoreboardView.swift */,
				AA200001000000000000000D /* JSONDocument.swift */,
				AA200001000000000000000E /* RootView.swift */,
				AA2000010000000000000031 /* OnboardingFlowView.swift */,
				AA200001000000000000000F /* SummaryView.swift */,
				AA2000010000000000000010 /* DashboardView.swift */,
				BA2000010000000000000001 /* DashboardImportExportSupport.swift */,
				AA200001000000000000003D /* DashboardSupportViews.swift */,
				AA2000010000000000000021 /* GoalsView.swift */,
				AA2000010000000000000038 /* DrillsView.swift */,
				AA2000010000000000000040 /* DrillDetailView.swift */,
				AA2000010000000000000041 /* DrillLogActiveView.swift */,
				AA2000010000000000000042 /* DrillSharedViews.swift */,
				AA2000010000000000000039 /* DrillDiagramView.swift */,
				AA200001000000000000003A /* DrillControls.swift */,
				AA2000010000000000000025 /* GoalCard.swift */,
				AA2000010000000000000026 /* GoalOverlays.swift */,
				AA2000010000000000000027 /* GoalEditorSheet.swift */,
				AA2000010000000000000029 /* GoalEditorSupport.swift */,
				AA200001000000000000002A /* Cards.swift */,
				AA200001000000000000002B /* Controls.swift */,
				AA200001000000000000002C /* Layout.swift */,
				AA200001000000000000001F /* SettingsView.swift */,
				AA2000010000000000000028 /* SettingsDetailView.swift */,
				AA2000010000000000000032 /* MeSettingsView.swift */,
				AA200001000000000000003F /* FriendsSettingsView.swift */,
				AA2000010000000000000044 /* FriendsPublicProfileSection.swift */,
				BA2000010000000000000006 /* FriendsSettingsComponents.swift */,
				AA2000010000000000000033 /* AccountSettingsView.swift */,
				AA2000010000000000000034 /* AppearanceSettingsView.swift */,
				AA2000010000000000000035 /* DataSettingsView.swift */,
				AA200001000000000000002E /* OpponentManagementView.swift */,
			);
			path = UI;
			sourceTree = "<group>";
		};
		AA4000010000000000000006 /* Resources */ = {
			isa = PBXGroup;
			children = (
				AA2000010000000000000011 /* Assets.xcassets */,
				C1A2B3C4D5E6F708192A3B4D /* Localizable.strings */,
				D1E2F301A1B2C3D4E5F60801 /* PrivacyInfo.xcprivacy */,
			);
			path = Resources;
			sourceTree = "<group>";
		};
		AB4000010000000000000001 /* ../PoolStatsTests */ = {
			isa = PBXGroup;
			children = (
				AB2000010000000000000008 /* CompatibilityRegressionTests.swift */,
				AB2000010000000000000009 /* CloudKitStoreTests.swift */,
				AB2000010000000000000010 /* DataStoreDeletionTests.swift */,
				AB2000010000000000000003 /* DrillSessionTests.swift */,
				AB2000010000000000000001 /* GoalMetricTests.swift */,
				AB2000010000000000000002 /* GoalWindowTests.swift */,
				AB2000010000000000000012 /* JSONTransferTests.swift */,
				AB2000010000000000000011 /* LocalSessionPersistenceTests.swift */,
				AB2000010000000000000006 /* SocialProfileStoreTests.swift */,
				AB2000010000000000000007 /* WatchSyncReconciliationTests.swift */,
				AB2000010000000000000004 /* TestFixtures.swift */,
			);
			path = ../PoolStatsTests;
			sourceTree = "<group>";
		};
		CBD044E3B51CCCAE273A72CF /* watchOS */ = {
			isa = PBXGroup;
			children = (
				FC9E92BF268E25DB78D0CA99 /* Foundation.framework */,
			);
			name = watchOS;
			sourceTree = "<group>";
		};
/* End PBXGroup section */

/* Begin PBXNativeTarget section */
		32129069343BA03C31C114B6 /* PoolStatsWatchExtension */ = {
			isa = PBXNativeTarget;
			buildConfigurationList = 5A2468C30823A77CBB72D6E2 /* Build configuration list for PBXNativeTarget "PoolStatsWatchExtension" */;
			buildPhases = (
				1D53F7A7CBC60DF2996A4D75 /* Sources */,
				85476D5AEB6BC82D88132857 /* Frameworks */,
				FB2741286BEE867408EC388B /* Resources */,
			);
			buildRules = (
			);
			dependencies = (
			);
			name = PoolStatsWatchExtension;
			productName = PoolStatsWatchExtension;
			productReference = 6796882EB3A1DC2039DB20C0 /* PoolStatsWatchExtension.appex */;
			productType = "com.apple.product-type.watchkit2-extension";
		};
		322A82D7DD5380894A1D5DA1 /* PoolStatsWatchApp */ = {
			isa = PBXNativeTarget;
			buildConfigurationList = D2DA7ECDB7912EE9D3C6A61A /* Build configuration list for PBXNativeTarget "PoolStatsWatchApp" */;
			buildPhases = (
				D48596C618415F1648551F23 /* Sources */,
				45535282E414C0B9F9FB32E9 /* Frameworks */,
				72D4307CEA7C066745F88CA6 /* Resources */,
				D628F696F7319A460A1D35F7 /* Embed App Extensions */,
			);
			buildRules = (
			);
			dependencies = (
				227A2CA42A91E4F4B79009C5 /* PBXTargetDependency */,
				103E9E1153FC41254116A1D9 /* PBXTargetDependency */,
			);
			name = PoolStatsWatchApp;
			productName = PoolStatsWatchApp;
			productReference = 664A64AFB0ECF914A77B36B3 /* PoolStatsWatchApp.app */;
			productType = "com.apple.product-type.application.watchapp2";
		};
		AA5000010000000000000001 /* PoolStats */ = {
			isa = PBXNativeTarget;
			buildConfigurationList = AA7000010000000000000001 /* Build configuration list for PBXNativeTarget "PoolStats" */;
			buildPhases = (
				AA3000020000000000000001 /* Sources */,
				AA3000010000000000000001 /* Frameworks */,
				AA3000030000000000000001 /* Resources */,
				EMBED001000000000000WATCH /* Embed Watch App */,
			);
			buildRules = (
			);
			dependencies = (
				F33589E27DDB78B40B9EA489 /* PBXTargetDependency */,
			);
			name = PoolStats;
			productName = PoolStats;
			productReference = AA2000010000000000000013 /* PoolStats.app */;
			productType = "com.apple.product-type.application";
		};
		AB5000010000000000000001 /* PoolStatsTests */ = {
			isa = PBXNativeTarget;
			buildConfigurationList = AB7000010000000000000001 /* Build configuration list for PBXNativeTarget "PoolStatsTests" */;
			buildPhases = (
				AB3000020000000000000001 /* Sources */,
				AB3000010000000000000001 /* Frameworks */,
				AB3000030000000000000001 /* Resources */,
			);
			buildRules = (
			);
			dependencies = (
				AB9000010000000000000001 /* PBXTargetDependency */,
			);
			name = PoolStatsTests;
			productName = PoolStatsTests;
			productReference = AB2000010000000000000005 /* PoolStatsTests.xctest */;
			productType = "com.apple.product-type.bundle.unit-test";
		};
		C00D05DCA8A06095BCC74361 /* PoolStatsWatchComplications */ = {
			isa = PBXNativeTarget;
			buildConfigurationList = B1AD57BF8B2208AF42C5D698 /* Build configuration list for PBXNativeTarget "PoolStatsWatchComplications" */;
			buildPhases = (
				61F0C3C989B22DE1351960BE /* Sources */,
				6A2682BD35D12FCB6D805D46 /* Frameworks */,
				9E68D92A486200DF9B572ECA /* Resources */,
			);
			buildRules = (
			);
			dependencies = (
			);
			name = PoolStatsWatchComplications;
			productName = PoolStatsWatchComplications;
			productReference = 9EB5F481BF3F9925C1F51611 /* PoolStatsWatchComplications.appex */;
			productType = "com.apple.product-type.app-extension";
		};
/* End PBXNativeTarget section */

/* Begin PBXProject section */
		AA6000010000000000000001 /* Project object */ = {
			isa = PBXProject;
			attributes = {
				BuildIndependentTargetsInParallel = 1;
				LastSwiftUpdateCheck = 1600;
				LastUpgradeCheck = 1600;
				TargetAttributes = {
					AA5000010000000000000001 = {
						CreatedOnToolsVersion = 16.0;
					};
					AB5000010000000000000001 = {
						CreatedOnToolsVersion = 16.0;
						TestTargetID = AA5000010000000000000001;
					};
				};
			};
			buildConfigurationList = AA7000020000000000000001 /* Build configuration list for PBXProject "PoolStats" */;
			compatibilityVersion = "Xcode 14.0";
			developmentRegion = en;
			hasScannedForEncodings = 0;
			knownRegions = (
				en,
				Base,
				"zh-Hans",
			);
			mainGroup = AA4000010000000000000001;
			productRefGroup = AA4000010000000000000001;
			projectDirPath = "";
			projectRoot = "";
			targets = (
				AA5000010000000000000001 /* PoolStats */,
				AB5000010000000000000001 /* PoolStatsTests */,
				322A82D7DD5380894A1D5DA1 /* PoolStatsWatchApp */,
				32129069343BA03C31C114B6 /* PoolStatsWatchExtension */,
				C00D05DCA8A06095BCC74361 /* PoolStatsWatchComplications */,
			);
		};
/* End PBXProject section */

/* Begin PBXResourcesBuildPhase section */
		72D4307CEA7C066745F88CA6 /* Resources */ = {
			isa = PBXResourcesBuildPhase;
			buildActionMask = 2147483647;
			files = (
				WA1000010000000000000001 /* Assets.xcassets in Resources */,
				D1E2F301A1B2C3D4E5F60702 /* PrivacyInfo.xcprivacy in Resources */,
			);
			runOnlyForDeploymentPostprocessing = 0;
		};
		9E68D92A486200DF9B572ECA /* Resources */ = {
			isa = PBXResourcesBuildPhase;
			buildActionMask = 2147483647;
			files = (
				D1E2F301A1B2C3D4E5F60704 /* PrivacyInfo.xcprivacy in Resources */,
			);
			runOnlyForDeploymentPostprocessing = 0;
		};
		AA3000030000000000000001 /* Resources */ = {
			isa = PBXResourcesBuildPhase;
			buildActionMask = 2147483647;
			files = (
				AA1000020000000000000001 /* Assets.xcassets in Resources */,
				C1A2B3C4D5E6F708192A3B4C /* Localizable.strings in Resources */,
				D1E2F301A1B2C3D4E5F60701 /* PrivacyInfo.xcprivacy in Resources */,
			);
			runOnlyForDeploymentPostprocessing = 0;
		};
		AB3000030000000000000001 /* Resources */ = {
			isa = PBXResourcesBuildPhase;
			buildActionMask = 2147483647;
			files = (
			);
			runOnlyForDeploymentPostprocessing = 0;
		};
		FB2741286BEE867408EC388B /* Resources */ = {
			isa = PBXResourcesBuildPhase;
			buildActionMask = 2147483647;
			files = (
				D1E2F301A1B2C3D4E5F60703 /* PrivacyInfo.xcprivacy in Resources */,
			);
			runOnlyForDeploymentPostprocessing = 0;
		};
/* End PBXResourcesBuildPhase section */

/* Begin PBXVariantGroup section */
		C1A2B3C4D5E6F708192A3B4D /* Localizable.strings */ = {
			isa = PBXVariantGroup;
			children = (
				C1A2B3C4D5E6F708192A3B4E /* en */,
				C1A2B3C4D5E6F708192A3B4F /* zh-Hans */,
			);
			name = Localizable.strings;
			sourceTree = "<group>";
		};
/* End PBXVariantGroup section */

/* Begin PBXShellScriptBuildPhase section */
		EMBED001000000000000WATCH /* Embed Watch App */ = {
			isa = PBXShellScriptBuildPhase;
			buildActionMask = 2147483647;
			files = (
			);
			inputFileListPaths = (
			);
			inputPaths = (
			);
			name = "Embed Watch App";
			outputFileListPaths = (
			);
			outputPaths = (
				"$(TARGET_BUILD_DIR)/$(WRAPPER_NAME)/Watch/PoolStatsWatchApp.app",
			);
			runOnlyForDeploymentPostprocessing = 0;
			shellPath = /bin/sh;
			shellScript = "set -e\nWATCH_APP_NAME=\"PoolStatsWatchApp.app\"\nCANDIDATES=\"$(dirname \"$BUILT_PRODUCTS_DIR\")/${CONFIGURATION}-watchsimulator $(dirname \"$BUILT_PRODUCTS_DIR\")/${CONFIGURATION}-watchos $(dirname \"$BUILT_PRODUCTS_DIR\")/Release-watchos\"\nWATCH_APP=\"\"\nfor WATCH_DIR in $CANDIDATES; do\n  if [ -d \"${WATCH_DIR}/${WATCH_APP_NAME}\" ]; then\n    WATCH_APP=\"${WATCH_DIR}/${WATCH_APP_NAME}\"\n    break\n  fi\ndone\nif [ -z \"$WATCH_APP\" ]; then\n  echo \"warning: Watch app not found in expected build products\"\n  exit 0\nfi\nDEST=\"${TARGET_BUILD_DIR}/${WRAPPER_NAME}/Watch\"\nmkdir -p \"$DEST\"\nrsync -a --delete \"${WATCH_APP}/\" \"${DEST}/${WATCH_APP_NAME}/\"\necho \"Embedded ${WATCH_APP_NAME} into ${DEST}\"\n";
		};
/* End PBXShellScriptBuildPhase section */

/* Begin PBXSourcesBuildPhase section */
		1D53F7A7CBC60DF2996A4D75 /* Sources */ = {
			isa = PBXSourcesBuildPhase;
			buildActionMask = 2147483647;
			files = (
				0D52DE4A7A4FA4F6299D14EA /* PoolStatsWatchApp.swift in Sources */,
				A1B2C3D4E5F6A7B8C9D0E1F2 /* WatchSessionStartView.swift in Sources */,
				B2C3D4E5F6A7B8C9D0E1F2A3 /* WatchActiveSessionView.swift in Sources */,
				B2C3D4E5F6A7B8C9D0E1F2A4 /* WatchDrillActiveSessionView.swift in Sources */,
				C9A01D03F8214D38B6C4E021 /* WatchDrillCatalog.swift in Sources */,
				C3D4E5F6A7B8C9D0E1F2A3B4 /* WatchEndRackSheet.swift in Sources */,
				D4E5F6A7B8C9D0E1F2A3B4C5 /* WatchSessionFinishView.swift in Sources */,
				40576368ACA893DFB77B1E88 /* WatchConnectivityClient.swift in Sources */,
				AAAABBBBCCCCDDDD00000011 /* WatchConnectivityCodec.swift in Sources */,
				B48C585D837953CA58D88B53 /* WatchQueueStore.swift in Sources */,
				E183CB44E38FEC4329C81E35 /* WatchSyncModels.swift in Sources */,
				FE7501CD9D3A4E8E9C1B2F00 /* WatchRuntimeSession.swift in Sources */,
				FE9503EF7C6B5A8BD1E0400A /* WatchSessionStore.swift in Sources */,
				AAAABBBBCCCCDDDD00000012 /* WatchRackPatching.swift in Sources */,
				AAAABBBBCCCCDDDD00000013 /* WatchSessionFactory.swift in Sources */,
				AAAABBBBCCCCDDDD00000014 /* WatchSessionPersistence.swift in Sources */,
				AAAABBBBCCCCDDDD00000015 /* WatchMatchScoreFlashView.swift in Sources */,
				270D7BDB1D64CC5E28150519 /* WatchComplicationState.swift in Sources */,
				AA1000010000000000000047 /* WatchSyncReconciliation.swift in Sources */,
			);
			runOnlyForDeploymentPostprocessing = 0;
		};
		61F0C3C989B22DE1351960BE /* Sources */ = {
			isa = PBXSourcesBuildPhase;
			buildActionMask = 2147483647;
			files = (
				061D246E9013651CFF1BD3C4 /* WatchComplicationState.swift in Sources */,
				9096B1DCDF86CDC5B03B5B1B /* PoolStatsWatchComplications.swift in Sources */,
				2F49D5E4D60378BD12355782 /* WatchSyncModels.swift in Sources */,
				AA1000010000000000000048 /* WatchSyncReconciliation.swift in Sources */,
			);
			runOnlyForDeploymentPostprocessing = 0;
		};
		AA3000020000000000000001 /* Sources */ = {
			isa = PBXSourcesBuildPhase;
			buildActionMask = 2147483647;
			files = (
				AA1000010000000000000001 /* PoolStatsApp.swift in Sources */,
				AA1000010000000000000002 /* CloudKitStore.swift in Sources */,
				AA1000010000000000000003 /* DataStore.swift in Sources */,
				BA1000010000000000000002 /* LocalSessionPersistence.swift in Sources */,
				BA1000010000000000000004 /* SocialProfileLocalPersistence.swift in Sources */,
				BA1000010000000000000005 /* SocialProfileIdentity.swift in Sources */,
				AA1000010000000000000045 /* WatchSyncStore.swift in Sources */,
				AAAABBBBCCCCDDDD00000016 /* WatchPhoneSnapshotTransport.swift in Sources */,
				AA1000010000000000000004 /* Filters.swift in Sources */,
				AA1000010000000000000005 /* Rack.swift in Sources */,
				AA1000010000000000000006 /* JSONTransfer.swift in Sources */,
				BA1000010000000000000003 /* JSONTransferPayloads.swift in Sources */,
				AA1000010000000000000007 /* Session.swift in Sources */,
				AA1000010000000000000008 /* Analytics.swift in Sources */,
				AA1000010000000000000009 /* Components.swift in Sources */,
				AA100001000000000000000A /* Theme.swift in Sources */,
				AA100001000000000000000B /* HistoryView.swift in Sources */,
				AA100001000000000000000C /* LogView.swift in Sources */,
				AA1000010000000000000012 /* LogStartView.swift in Sources */,
				AA1000010000000000000013 /* LogActiveView.swift in Sources */,
				AA100001000000000000000D /* JSONDocument.swift in Sources */,
				AA100001000000000000000E /* RootView.swift in Sources */,
				AA100001000000000000000F /* SummaryView.swift in Sources */,
				AA1000010000000000000010 /* DashboardView.swift in Sources */,
				BA1000010000000000000001 /* DashboardImportExportSupport.swift in Sources */,
				AA1000010000000000000011 /* SampleData.swift in Sources */,
				AA1000010000000000000014 /* AnalyticsTrend.swift in Sources */,
				AA1000010000000000000015 /* AnalyticsMistakes.swift in Sources */,
				AA1000010000000000000016 /* AnalyticsSkills.swift in Sources */,
				AA1000010000000000000017 /* AnalyticsFargo.swift in Sources */,
				AA1000010000000000000018 /* AnalyticsInsights.swift in Sources */,
				AA1000010000000000000019 /* AnalyticsMath.swift in Sources */,
				AA100001000000000000001A /* SessionService.swift in Sources */,
				AA100001000000000000001B /* AppFormatters.swift in Sources */,
				AA1000010000000000000049 /* AppLanguageStore.swift in Sources */,
				AA1000010000000000000050 /* AppCopy.swift in Sources */,
				AA1000010000000000000046 /* WatchSyncReconciliation.swift in Sources */,
				AA100001000000000000001C /* SettingsView.swift in Sources */,
				AA100001000000000000001D /* Goals.swift in Sources */,
				AA100001000000000000001E /* GoalsView.swift in Sources */,
				AA100001000000000000001F /* GoalWindow.swift in Sources */,
				AA1000010000000000000020 /* GoalMetric.swift in Sources */,
				AA1000010000000000000021 /* GoalsStore.swift in Sources */,
				AA1000010000000000000022 /* GoalCard.swift in Sources */,
				AA1000010000000000000023 /* GoalOverlays.swift in Sources */,
				AA1000010000000000000024 /* GoalEditorSheet.swift in Sources */,
				AA1000010000000000000026 /* GoalEditorSupport.swift in Sources */,
				AA1000010000000000000025 /* SettingsDetailView.swift in Sources */,
				AA1000010000000000000027 /* Cards.swift in Sources */,
				AA1000010000000000000028 /* Controls.swift in Sources */,
				AA1000010000000000000029 /* Layout.swift in Sources */,
				AA100001000000000000002D /* OpponentStore.swift in Sources */,
				AA100001000000000000002E /* OpponentManagementView.swift in Sources */,
				AA100001000000000000002F /* SessionLogStore.swift in Sources */,
				AA1000010000000000000030 /* AuthStore.swift in Sources */,
				AA1000010000000000000031 /* OnboardingFlowView.swift in Sources */,
				AA1000010000000000000032 /* MeSettingsView.swift in Sources */,
				AA1000010000000000000033 /* AccountSettingsView.swift in Sources */,
				AA1000010000000000000034 /* AppearanceSettingsView.swift in Sources */,
				AA1000010000000000000035 /* DataSettingsView.swift in Sources */,
				AA1000010000000000000036 /* AppDelegate.swift in Sources */,
				AA1000010000000000000037 /* Drills.swift in Sources */,
				AA1000010000000000000038 /* DrillsView.swift in Sources */,
				AA1000010000000000000039 /* DrillDiagramView.swift in Sources */,
				AA100001000000000000003A /* DrillControls.swift in Sources */,
				AA100001000000000000003B /* LogStartComponents.swift in Sources */,
				AA100001000000000000003C /* DrillLibraryCatalog.swift in Sources */,
				AA100001000000000000003D /* DashboardSupportViews.swift in Sources */,
				AA100001000000000000003E /* FriendMatchSharing.swift in Sources */,
				AA100001000000000000003F /* FriendsSettingsView.swift in Sources */,
				BA1000010000000000000006 /* FriendsSettingsComponents.swift in Sources */,
				AA1000010000000000000040 /* DrillDetailView.swift in Sources */,
				AA1000010000000000000041 /* DrillLogActiveView.swift in Sources */,
				AA1000010000000000000042 /* DrillSharedViews.swift in Sources */,
				AA1000010000000000000043 /* LandscapeScoreboardView.swift in Sources */,
				AA1000010000000000000044 /* FriendsPublicProfileSection.swift in Sources */,
				E63058D818592AB17D246454 /* SocialProfileStore.swift in Sources */,
			);
			runOnlyForDeploymentPostprocessing = 0;
		};
		AB3000020000000000000001 /* Sources */ = {
			isa = PBXSourcesBuildPhase;
			buildActionMask = 2147483647;
			files = (
				AB1000010000000000000008 /* CompatibilityRegressionTests.swift in Sources */,
				AB1000010000000000000009 /* CloudKitStoreTests.swift in Sources */,
				AB1000010000000000000010 /* DataStoreDeletionTests.swift in Sources */,
				AB1000010000000000000011 /* LocalSessionPersistenceTests.swift in Sources */,
				AB1000010000000000000012 /* JSONTransferTests.swift in Sources */,
				AB1000010000000000000003 /* DrillSessionTests.swift in Sources */,
				AB1000010000000000000001 /* GoalMetricTests.swift in Sources */,
				AB1000010000000000000002 /* GoalWindowTests.swift in Sources */,
				AB1000010000000000000006 /* SocialProfileStoreTests.swift in Sources */,
				AB1000010000000000000007 /* WatchSyncReconciliationTests.swift in Sources */,
				AB1000010000000000000004 /* TestFixtures.swift in Sources */,
			);
			runOnlyForDeploymentPostprocessing = 0;
		};
		D48596C618415F1648551F23 /* Sources */ = {
			isa = PBXSourcesBuildPhase;
			buildActionMask = 2147483647;
			files = (
			);
			runOnlyForDeploymentPostprocessing = 0;
		};
/* End PBXSourcesBuildPhase section */

/* Begin PBXTargetDependency section */
		103E9E1153FC41254116A1D9 /* PBXTargetDependency */ = {
			isa = PBXTargetDependency;
			name = PoolStatsWatchComplications;
			target = C00D05DCA8A06095BCC74361 /* PoolStatsWatchComplications */;
			targetProxy = 7666B305D8ED99F6C78BD5AE /* PBXContainerItemProxy */;
		};
		227A2CA42A91E4F4B79009C5 /* PBXTargetDependency */ = {
			isa = PBXTargetDependency;
			name = PoolStatsWatchExtension;
			target = 32129069343BA03C31C114B6 /* PoolStatsWatchExtension */;
			targetProxy = 9B165BBFE3C4136164BDBC83 /* PBXContainerItemProxy */;
		};
		AB9000010000000000000001 /* PBXTargetDependency */ = {
			isa = PBXTargetDependency;
			name = PoolStats;
			target = AA5000010000000000000001 /* PoolStats */;
			targetProxy = AB1000020000000000000001 /* PBXContainerItemProxy */;
		};
		F33589E27DDB78B40B9EA489 /* PBXTargetDependency */ = {
			isa = PBXTargetDependency;
			name = PoolStatsWatchApp;
			target = 322A82D7DD5380894A1D5DA1 /* PoolStatsWatchApp */;
			targetProxy = 2196D4CFDE10F384E6D74D34 /* PBXContainerItemProxy */;
		};
/* End PBXTargetDependency section */

/* Begin XCBuildConfiguration section */
		4E05B41FF99F60F3F158B475 /* Release */ = {
			isa = XCBuildConfiguration;
			buildSettings = {
				ALWAYS_SEARCH_USER_PATHS = NO;
				CODE_SIGN_ENTITLEMENTS = Watch/PoolStatsWatchExtension.entitlements;
				CODE_SIGN_STYLE = Automatic;
				CURRENT_PROJECT_VERSION = 18;
				DEBUG_INFORMATION_FORMAT = "dwarf-with-dsym";
				DEVELOPMENT_TEAM = SM6Y3D2D55;
				INFOPLIST_FILE = "Watch/WatchExtension-Info.plist";
				IPHONEOS_DEPLOYMENT_TARGET = "";
				MARKETING_VERSION = 1.0;
				PRODUCT_BUNDLE_IDENTIFIER = com.poolstats.appi.watchkitapp.watchkitextension;
				PRODUCT_NAME = PoolStatsWatchExtension;
				SDKROOT = watchos;
				SKIP_INSTALL = YES;
				SUPPORTED_PLATFORMS = "watchsimulator watchos";
				SWIFT_VERSION = 5.0;
				TARGETED_DEVICE_FAMILY = 4;
				VALIDATE_PRODUCT = YES;
				WATCHOS_DEPLOYMENT_TARGET = 10.0;
				WK_APP_BUNDLE_IDENTIFIER = com.poolstats.appi.watchkitapp;
			};
			name = Release;
		};
		5BF0A85477083E26137015E7 /* Release */ = {
			isa = XCBuildConfiguration;
			buildSettings = {
				ALWAYS_SEARCH_USER_PATHS = NO;
				APPLICATION_EXTENSION_API_ONLY = YES;
				CODE_SIGN_ENTITLEMENTS = WatchComplications/PoolStatsWatchComplications.entitlements;
				CODE_SIGN_STYLE = Automatic;
				CURRENT_PROJECT_VERSION = 18;
				DEBUG_INFORMATION_FORMAT = "dwarf-with-dsym";
				DEVELOPMENT_TEAM = SM6Y3D2D55;
				GENERATE_INFOPLIST_FILE = NO;
				INFOPLIST_FILE = WatchComplications/Info.plist;
				IPHONEOS_DEPLOYMENT_TARGET = "";
				LD_RUNPATH_SEARCH_PATHS = (
					"$(inherited)",
					"@executable_path/Frameworks",
					"@executable_path/../../Frameworks",
				);
				MARKETING_VERSION = 1.0;
				PRODUCT_BUNDLE_IDENTIFIER = com.poolstats.appi.watchkitapp.complications;
				PRODUCT_NAME = PoolStatsWatchComplications;
				SDKROOT = watchos;
				SKIP_INSTALL = YES;
				SUPPORTED_PLATFORMS = "watchsimulator watchos";
				SWIFT_VERSION = 5.0;
				TARGETED_DEVICE_FAMILY = 4;
				VALIDATE_PRODUCT = YES;
				WATCHOS_DEPLOYMENT_TARGET = 10.0;
			};
			name = Release;
		};
		9525B0587338D0C048F59E8F /* Debug */ = {
			isa = XCBuildConfiguration;
			buildSettings = {
				ALWAYS_SEARCH_USER_PATHS = NO;
				CODE_SIGN_ENTITLEMENTS = Watch/PoolStatsWatchExtension.entitlements;
				CODE_SIGN_STYLE = Automatic;
				CURRENT_PROJECT_VERSION = 18;
				DEVELOPMENT_TEAM = SM6Y3D2D55;
				INFOPLIST_FILE = "Watch/WatchExtension-Info.plist";
				IPHONEOS_DEPLOYMENT_TARGET = "";
				MARKETING_VERSION = 1.0;
				PRODUCT_BUNDLE_IDENTIFIER = com.poolstats.appi.watchkitapp.watchkitextension;
				PRODUCT_NAME = PoolStatsWatchExtension;
				SDKROOT = watchos;
				SKIP_INSTALL = YES;
				SUPPORTED_PLATFORMS = "watchsimulator watchos";
				SWIFT_VERSION = 5.0;
				TARGETED_DEVICE_FAMILY = 4;
				WATCHOS_DEPLOYMENT_TARGET = 10.0;
				WK_APP_BUNDLE_IDENTIFIER = com.poolstats.appi.watchkitapp;
			};
			name = Debug;
		};
		99ED36B587E690910BA7F91F /* Debug */ = {
			isa = XCBuildConfiguration;
			buildSettings = {
				ALWAYS_SEARCH_USER_PATHS = NO;
				ASSETCATALOG_COMPILER_APPICON_NAME = AppIcon;
				CODE_SIGN_STYLE = Automatic;
				CURRENT_PROJECT_VERSION = 18;
				DEVELOPMENT_TEAM = SM6Y3D2D55;
				INFOPLIST_FILE = "Watch/WatchApp-Info.plist";
				IPHONEOS_DEPLOYMENT_TARGET = "";
				MARKETING_VERSION = 1.0;
				PRODUCT_BUNDLE_IDENTIFIER = com.poolstats.appi.watchkitapp;
				PRODUCT_NAME = PoolStatsWatchApp;
				SDKROOT = watchos;
				SKIP_INSTALL = YES;
				SUPPORTED_PLATFORMS = "watchsimulator watchos";
				SWIFT_VERSION = 5.0;
				TARGETED_DEVICE_FAMILY = 4;
				WATCHOS_DEPLOYMENT_TARGET = 10.0;
			};
			name = Debug;
		};
		9ADA434BED0C45AE398EF6A0 /* Debug */ = {
			isa = XCBuildConfiguration;
			buildSettings = {
				ALWAYS_SEARCH_USER_PATHS = NO;
				APPLICATION_EXTENSION_API_ONLY = YES;
				CODE_SIGN_ENTITLEMENTS = WatchComplications/PoolStatsWatchComplications.entitlements;
				CODE_SIGN_STYLE = Automatic;
				CURRENT_PROJECT_VERSION = 18;
				DEVELOPMENT_TEAM = SM6Y3D2D55;
				GENERATE_INFOPLIST_FILE = NO;
				INFOPLIST_FILE = WatchComplications/Info.plist;
				IPHONEOS_DEPLOYMENT_TARGET = "";
				LD_RUNPATH_SEARCH_PATHS = (
					"$(inherited)",
					"@executable_path/Frameworks",
					"@executable_path/../../Frameworks",
				);
				MARKETING_VERSION = 1.0;
				PRODUCT_BUNDLE_IDENTIFIER = com.poolstats.appi.watchkitapp.complications;
				PRODUCT_NAME = PoolStatsWatchComplications;
				SDKROOT = watchos;
				SKIP_INSTALL = YES;
				SUPPORTED_PLATFORMS = "watchsimulator watchos";
				SWIFT_VERSION = 5.0;
				TARGETED_DEVICE_FAMILY = 4;
				WATCHOS_DEPLOYMENT_TARGET = 10.0;
			};
			name = Debug;
		};
		AA8000010000000000000001 /* Debug */ = {
			isa = XCBuildConfiguration;
			buildSettings = {
				ALWAYS_EMBED_SWIFT_STANDARD_LIBRARIES = YES;
				ALWAYS_SEARCH_USER_PATHS = NO;
				ASSETCATALOG_COMPILER_APPICON_NAME = AppIcon;
				ASSETCATALOG_COMPILER_INCLUDE_ALL_APPICON_ASSETS = NO;
				CODE_SIGN_ENTITLEMENTS = PoolStats.entitlements;
				"CODE_SIGN_IDENTITY[sdk=macosx*]" = "Apple Development";
				CODE_SIGN_STYLE = Automatic;
				CURRENT_PROJECT_VERSION = 18;
				DEBUG_INFORMATION_FORMAT = "dwarf-with-dsym";
				DEVELOPMENT_TEAM = SM6Y3D2D55;
				ENABLE_TESTABILITY = YES;
				GENERATE_INFOPLIST_FILE = NO;
				INFOPLIST_FILE = Resources/Info.plist;
				IPHONEOS_DEPLOYMENT_TARGET = 16.0;
				LD_RUNPATH_SEARCH_PATHS = (
					"$(inherited)",
					"@executable_path/Frameworks",
				);
				MARKETING_VERSION = 1.0;
				PRODUCT_BUNDLE_IDENTIFIER = com.poolstats.appi;
				PRODUCT_NAME = PoolStats;
				SDKROOT = iphoneos;
				SUPPORTED_PLATFORMS = "iphoneos iphonesimulator";
				SWIFT_VERSION = 5.0;
				TARGETED_DEVICE_FAMILY = "1,2";
			};
			name = Debug;
		};
		AA8000020000000000000001 /* Release */ = {
			isa = XCBuildConfiguration;
			buildSettings = {
				ALWAYS_EMBED_SWIFT_STANDARD_LIBRARIES = YES;
				ALWAYS_SEARCH_USER_PATHS = NO;
				ASSETCATALOG_COMPILER_APPICON_NAME = AppIcon;
				ASSETCATALOG_COMPILER_INCLUDE_ALL_APPICON_ASSETS = NO;
				CODE_SIGN_ENTITLEMENTS = PoolStats.entitlements;
				"CODE_SIGN_IDENTITY[sdk=macosx*]" = "Apple Development";
				CODE_SIGN_STYLE = Automatic;
				CURRENT_PROJECT_VERSION = 18;
				DEBUG_INFORMATION_FORMAT = "dwarf-with-dsym";
				DEVELOPMENT_TEAM = SM6Y3D2D55;
				GENERATE_INFOPLIST_FILE = NO;
				INFOPLIST_FILE = Resources/Info.plist;
				INSTALL_PATH = "$(LOCAL_APPS_DIR)";
				IPHONEOS_DEPLOYMENT_TARGET = 16.0;
				LD_RUNPATH_SEARCH_PATHS = (
					"$(inherited)",
					"@executable_path/Frameworks",
				);
				MARKETING_VERSION = 1.0;
				PRODUCT_BUNDLE_IDENTIFIER = com.poolstats.appi;
				PRODUCT_NAME = PoolStats;
				SDKROOT = iphoneos;
				SKIP_INSTALL = NO;
				SUPPORTED_PLATFORMS = "iphoneos iphonesimulator";
				SWIFT_VERSION = 5.0;
				TARGETED_DEVICE_FAMILY = "1,2";
			};
			name = Release;
		};
		AA8000030000000000000001 /* Debug */ = {
			isa = XCBuildConfiguration;
			buildSettings = {
				CLANG_ANALYZER_LOCALIZABILITY_NONLOCALIZED = YES;
				DEBUG_INFORMATION_FORMAT = dwarf;
				ENABLE_PREVIEWS = YES;
				SDKROOT = iphoneos;
				SUPPORTED_PLATFORMS = "iphoneos iphonesimulator";
				SWIFT_ACTIVE_COMPILATION_CONDITIONS = DEBUG;
				SWIFT_OPTIMIZATION_LEVEL = "-Onone";
			};
			name = Debug;
		};
		AA8000040000000000000001 /* Release */ = {
			isa = XCBuildConfiguration;
			buildSettings = {
				CLANG_ANALYZER_LOCALIZABILITY_NONLOCALIZED = YES;
				DEBUG_INFORMATION_FORMAT = dwarf;
				SDKROOT = iphoneos;
				SUPPORTED_PLATFORMS = "iphoneos iphonesimulator";
				SWIFT_OPTIMIZATION_LEVEL = "-O";
			};
			name = Release;
		};
		AB8000010000000000000001 /* Debug */ = {
			isa = XCBuildConfiguration;
			buildSettings = {
				ALWAYS_SEARCH_USER_PATHS = NO;
				BUNDLE_LOADER = "$(TEST_HOST)";
				CODE_SIGN_STYLE = Automatic;
				CURRENT_PROJECT_VERSION = 11;
				DEVELOPMENT_TEAM = SM6Y3D2D55;
				GENERATE_INFOPLIST_FILE = YES;
				IPHONEOS_DEPLOYMENT_TARGET = 16.0;
				LD_RUNPATH_SEARCH_PATHS = (
					"$(inherited)",
					"@executable_path/Frameworks",
					"@loader_path/Frameworks",
				);
				MARKETING_VERSION = 1.0;
				PRODUCT_BUNDLE_IDENTIFIER = com.poolstats.appiTests;
				PRODUCT_NAME = "$(TARGET_NAME)";
				SDKROOT = iphoneos;
				SKIP_INSTALL = YES;
				SUPPORTED_PLATFORMS = "iphoneos iphonesimulator";
				SWIFT_VERSION = 5.0;
				TARGETED_DEVICE_FAMILY = "1,2";
				TEST_HOST = "$(BUILT_PRODUCTS_DIR)/PoolStats.app/$(BUNDLE_EXECUTABLE_FOLDER_PATH)/PoolStats";
			};
			name = Debug;
		};
		AB8000020000000000000001 /* Release */ = {
			isa = XCBuildConfiguration;
			buildSettings = {
				ALWAYS_SEARCH_USER_PATHS = NO;
				BUNDLE_LOADER = "$(TEST_HOST)";
				CODE_SIGN_STYLE = Automatic;
				CURRENT_PROJECT_VERSION = 11;
				DEVELOPMENT_TEAM = SM6Y3D2D55;
				GENERATE_INFOPLIST_FILE = YES;
				IPHONEOS_DEPLOYMENT_TARGET = 16.0;
				LD_RUNPATH_SEARCH_PATHS = (
					"$(inherited)",
					"@executable_path/Frameworks",
					"@loader_path/Frameworks",
				);
				MARKETING_VERSION = 1.0;
				PRODUCT_BUNDLE_IDENTIFIER = com.poolstats.appiTests;
				PRODUCT_NAME = "$(TARGET_NAME)";
				SDKROOT = iphoneos;
				SKIP_INSTALL = YES;
				SUPPORTED_PLATFORMS = "iphoneos iphonesimulator";
				SWIFT_VERSION = 5.0;
				TARGETED_DEVICE_FAMILY = "1,2";
				TEST_HOST = "$(BUILT_PRODUCTS_DIR)/PoolStats.app/$(BUNDLE_EXECUTABLE_FOLDER_PATH)/PoolStats";
			};
			name = Release;
		};
		FBA554871BAF58F1D76859CC /* Release */ = {
			isa = XCBuildConfiguration;
			buildSettings = {
				ALWAYS_SEARCH_USER_PATHS = NO;
				ASSETCATALOG_COMPILER_APPICON_NAME = AppIcon;
				CODE_SIGN_STYLE = Automatic;
				CURRENT_PROJECT_VERSION = 18;
				DEVELOPMENT_TEAM = SM6Y3D2D55;
				INFOPLIST_FILE = "Watch/WatchApp-Info.plist";
				IPHONEOS_DEPLOYMENT_TARGET = "";
				MARKETING_VERSION = 1.0;
				PRODUCT_BUNDLE_IDENTIFIER = com.poolstats.appi.watchkitapp;
				PRODUCT_NAME = PoolStatsWatchApp;
				SDKROOT = watchos;
				SKIP_INSTALL = YES;
				SUPPORTED_PLATFORMS = "watchsimulator watchos";
				SWIFT_VERSION = 5.0;
				TARGETED_DEVICE_FAMILY = 4;
				VALIDATE_PRODUCT = YES;
				WATCHOS_DEPLOYMENT_TARGET = 10.0;
			};
			name = Release;
		};
/* End XCBuildConfiguration section */

/* Begin XCConfigurationList section */
		5A2468C30823A77CBB72D6E2 /* Build configuration list for PBXNativeTarget "PoolStatsWatchExtension" */ = {
			isa = XCConfigurationList;
			buildConfigurations = (
				4E05B41FF99F60F3F158B475 /* Release */,
				9525B0587338D0C048F59E8F /* Debug */,
			);
			defaultConfigurationIsVisible = 0;
			defaultConfigurationName = Release;
		};
		AA7000010000000000000001 /* Build configuration list for PBXNativeTarget "PoolStats" */ = {
			isa = XCConfigurationList;
			buildConfigurations = (
				AA8000010000000000000001 /* Debug */,
				AA8000020000000000000001 /* Release */,
			);
			defaultConfigurationIsVisible = 0;
			defaultConfigurationName = Debug;
		};
		AA7000020000000000000001 /* Build configuration list for PBXProject "PoolStats" */ = {
			isa = XCConfigurationList;
			buildConfigurations = (
				AA8000030000000000000001 /* Debug */,
				AA8000040000000000000001 /* Release */,
			);
			defaultConfigurationIsVisible = 0;
			defaultConfigurationName = Debug;
		};
		AB7000010000000000000001 /* Build configuration list for PBXNativeTarget "PoolStatsTests" */ = {
			isa = XCConfigurationList;
			buildConfigurations = (
				AB8000010000000000000001 /* Debug */,
				AB8000020000000000000001 /* Release */,
			);
			defaultConfigurationIsVisible = 0;
			defaultConfigurationName = Debug;
		};
		B1AD57BF8B2208AF42C5D698 /* Build configuration list for PBXNativeTarget "PoolStatsWatchComplications" */ = {
			isa = XCConfigurationList;
			buildConfigurations = (
				5BF0A85477083E26137015E7 /* Release */,
				9ADA434BED0C45AE398EF6A0 /* Debug */,
			);
			defaultConfigurationIsVisible = 0;
			defaultConfigurationName = Release;
		};
		D2DA7ECDB7912EE9D3C6A61A /* Build configuration list for PBXNativeTarget "PoolStatsWatchApp" */ = {
			isa = XCConfigurationList;
			buildConfigurations = (
				FBA554871BAF58F1D76859CC /* Release */,
				99ED36B587E690910BA7F91F /* Debug */,
			);
			defaultConfigurationIsVisible = 0;
			defaultConfigurationName = Release;
		};
/* End XCConfigurationList section */
	};
	rootObject = AA6000010000000000000001 /* Project object */;
}
