// !$*UTF8*$!
{
	archiveVersion = 1;
	classes = {
	};
	objectVersion = 56;
	objects = {

/* Begin PBXBuildFile section */
		AA1000010000000000000001 /* PoolStatsApp.swift in Sources */ = {isa = PBXBuildFile; fileRef = AA2000010000000000000001 /* PoolStatsApp.swift */; };
		AA1000010000000000000002 /* Cloud/CloudKitStore.swift in Sources */ = {isa = PBXBuildFile; fileRef = AA2000010000000000000002 /* Cloud/CloudKitStore.swift */; };
		AA1000010000000000000003 /* Cloud/DataStore.swift in Sources */ = {isa = PBXBuildFile; fileRef = AA2000010000000000000003 /* Cloud/DataStore.swift */; };
		AA1000010000000000000004 /* Models/Filters.swift in Sources */ = {isa = PBXBuildFile; fileRef = AA2000010000000000000004 /* Models/Filters.swift */; };
		AA1000010000000000000005 /* Models/Rack.swift in Sources */ = {isa = PBXBuildFile; fileRef = AA2000010000000000000005 /* Models/Rack.swift */; };
		AA1000010000000000000006 /* Models/JSONTransfer.swift in Sources */ = {isa = PBXBuildFile; fileRef = AA2000010000000000000006 /* Models/JSONTransfer.swift */; };
		AA1000010000000000000007 /* Models/Session.swift in Sources */ = {isa = PBXBuildFile; fileRef = AA2000010000000000000007 /* Models/Session.swift */; };
		AA1000010000000000000008 /* Models/Analytics.swift in Sources */ = {isa = PBXBuildFile; fileRef = AA2000010000000000000008 /* Models/Analytics.swift */; };
		AA1000010000000000000009 /* UI/Components.swift in Sources */ = {isa = PBXBuildFile; fileRef = AA2000010000000000000009 /* UI/Components.swift */; };
		AA100001000000000000000A /* UI/Theme.swift in Sources */ = {isa = PBXBuildFile; fileRef = AA200001000000000000000A /* UI/Theme.swift */; };
		AA100001000000000000000B /* UI/HistoryView.swift in Sources */ = {isa = PBXBuildFile; fileRef = AA200001000000000000000B /* UI/HistoryView.swift */; };
		AA100001000000000000000C /* UI/LogView.swift in Sources */ = {isa = PBXBuildFile; fileRef = AA200001000000000000000C /* UI/LogView.swift */; };
		AA100001000000000000000D /* UI/JSONDocument.swift in Sources */ = {isa = PBXBuildFile; fileRef = AA200001000000000000000D /* UI/JSONDocument.swift */; };
		AA100001000000000000000E /* UI/RootView.swift in Sources */ = {isa = PBXBuildFile; fileRef = AA200001000000000000000E /* UI/RootView.swift */; };
		AA100001000000000000000F /* UI/SummaryView.swift in Sources */ = {isa = PBXBuildFile; fileRef = AA200001000000000000000F /* UI/SummaryView.swift */; };
		AA1000010000000000000010 /* UI/DashboardView.swift in Sources */ = {isa = PBXBuildFile; fileRef = AA2000010000000000000010 /* UI/DashboardView.swift */; };
		AA1000020000000000000001 /* Resources/Assets.xcassets in Resources */ = {isa = PBXBuildFile; fileRef = AA2000010000000000000011 /* Resources/Assets.xcassets */; };
		AA1000010000000000000011 /* Models/SampleData.swift in Sources */ = {isa = PBXBuildFile; fileRef = AA2000010000000000000014 /* Models/SampleData.swift */; };
		AA1000010000000000000012 /* UI/LogStartView.swift in Sources */ = {isa = PBXBuildFile; fileRef = AA2000010000000000000015 /* UI/LogStartView.swift */; };
		AA1000010000000000000013 /* UI/LogActiveView.swift in Sources */ = {isa = PBXBuildFile; fileRef = AA2000010000000000000016 /* UI/LogActiveView.swift */; };
		AA1000010000000000000014 /* Models/AnalyticsTrend.swift in Sources */ = {isa = PBXBuildFile; fileRef = AA2000010000000000000017 /* Models/AnalyticsTrend.swift */; };
		AA1000010000000000000015 /* Models/AnalyticsMistakes.swift in Sources */ = {isa = PBXBuildFile; fileRef = AA2000010000000000000018 /* Models/AnalyticsMistakes.swift */; };
		AA1000010000000000000016 /* Models/AnalyticsSkills.swift in Sources */ = {isa = PBXBuildFile; fileRef = AA2000010000000000000019 /* Models/AnalyticsSkills.swift */; };
		AA1000010000000000000017 /* Models/AnalyticsFargo.swift in Sources */ = {isa = PBXBuildFile; fileRef = AA200001000000000000001A /* Models/AnalyticsFargo.swift */; };
		AA1000010000000000000018 /* Models/AnalyticsInsights.swift in Sources */ = {isa = PBXBuildFile; fileRef = AA200001000000000000001B /* Models/AnalyticsInsights.swift */; };
		AA1000010000000000000019 /* Models/AnalyticsMath.swift in Sources */ = {isa = PBXBuildFile; fileRef = AA200001000000000000001C /* Models/AnalyticsMath.swift */; };
		AA100001000000000000001A /* Cloud/SessionService.swift in Sources */ = {isa = PBXBuildFile; fileRef = AA200001000000000000001D /* Cloud/SessionService.swift */; };
/* End PBXBuildFile section */

/* Begin PBXFileReference section */
		886D45192F89469F00338AC1 /* PoolStats.entitlements */ = {isa = PBXFileReference; lastKnownFileType = text.plist.entitlements; path = PoolStats.entitlements; sourceTree = "<group>"; };
		AA2000010000000000000001 /* PoolStatsApp.swift */ = {isa = PBXFileReference; lastKnownFileType = sourcecode.swift; path = PoolStatsApp.swift; sourceTree = "<group>"; };
		AA2000010000000000000002 /* Cloud/CloudKitStore.swift */ = {isa = PBXFileReference; lastKnownFileType = sourcecode.swift; path = CloudKitStore.swift; sourceTree = "<group>"; };
		AA2000010000000000000003 /* Cloud/DataStore.swift */ = {isa = PBXFileReference; lastKnownFileType = sourcecode.swift; path = DataStore.swift; sourceTree = "<group>"; };
		AA2000010000000000000004 /* Models/Filters.swift */ = {isa = PBXFileReference; lastKnownFileType = sourcecode.swift; path = Filters.swift; sourceTree = "<group>"; };
		AA2000010000000000000005 /* Models/Rack.swift */ = {isa = PBXFileReference; lastKnownFileType = sourcecode.swift; path = Rack.swift; sourceTree = "<group>"; };
		AA2000010000000000000006 /* Models/JSONTransfer.swift */ = {isa = PBXFileReference; lastKnownFileType = sourcecode.swift; path = JSONTransfer.swift; sourceTree = "<group>"; };
		AA2000010000000000000007 /* Models/Session.swift */ = {isa = PBXFileReference; lastKnownFileType = sourcecode.swift; path = Session.swift; sourceTree = "<group>"; };
		AA2000010000000000000008 /* Models/Analytics.swift */ = {isa = PBXFileReference; lastKnownFileType = sourcecode.swift; path = Analytics.swift; sourceTree = "<group>"; };
		AA2000010000000000000009 /* UI/Components.swift */ = {isa = PBXFileReference; lastKnownFileType = sourcecode.swift; path = Components.swift; sourceTree = "<group>"; };
		AA200001000000000000000A /* UI/Theme.swift */ = {isa = PBXFileReference; lastKnownFileType = sourcecode.swift; path = Theme.swift; sourceTree = "<group>"; };
		AA200001000000000000000B /* UI/HistoryView.swift */ = {isa = PBXFileReference; lastKnownFileType = sourcecode.swift; path = HistoryView.swift; sourceTree = "<group>"; };
		AA200001000000000000000C /* UI/LogView.swift */ = {isa = PBXFileReference; lastKnownFileType = sourcecode.swift; path = LogView.swift; sourceTree = "<group>"; };
		AA200001000000000000000D /* UI/JSONDocument.swift */ = {isa = PBXFileReference; lastKnownFileType = sourcecode.swift; path = JSONDocument.swift; sourceTree = "<group>"; };
		AA200001000000000000000E /* UI/RootView.swift */ = {isa = PBXFileReference; lastKnownFileType = sourcecode.swift; path = RootView.swift; sourceTree = "<group>"; };
		AA200001000000000000000F /* UI/SummaryView.swift */ = {isa = PBXFileReference; lastKnownFileType = sourcecode.swift; path = SummaryView.swift; sourceTree = "<group>"; };
		AA2000010000000000000010 /* UI/DashboardView.swift */ = {isa = PBXFileReference; lastKnownFileType = sourcecode.swift; path = DashboardView.swift; sourceTree = "<group>"; };
		AA2000010000000000000011 /* Resources/Assets.xcassets */ = {isa = PBXFileReference; lastKnownFileType = folder.assetcatalog; path = Assets.xcassets; sourceTree = "<group>"; };
		AA2000010000000000000012 /* Resources/Info.plist */ = {isa = PBXFileReference; lastKnownFileType = text.plist.xml; path = Resources/Info.plist; sourceTree = "<group>"; };
		AA2000010000000000000013 /* PoolStats.app */ = {isa = PBXFileReference; explicitFileType = wrapper.application; path = PoolStats.app; sourceTree = BUILT_PRODUCTS_DIR; };
		AA2000010000000000000014 /* Models/SampleData.swift */ = {isa = PBXFileReference; lastKnownFileType = sourcecode.swift; path = SampleData.swift; sourceTree = "<group>"; };
		AA2000010000000000000015 /* UI/LogStartView.swift */ = {isa = PBXFileReference; lastKnownFileType = sourcecode.swift; path = LogStartView.swift; sourceTree = "<group>"; };
		AA2000010000000000000016 /* UI/LogActiveView.swift */ = {isa = PBXFileReference; lastKnownFileType = sourcecode.swift; path = LogActiveView.swift; sourceTree = "<group>"; };
		AA2000010000000000000017 /* Models/AnalyticsTrend.swift */ = {isa = PBXFileReference; lastKnownFileType = sourcecode.swift; path = AnalyticsTrend.swift; sourceTree = "<group>"; };
		AA2000010000000000000018 /* Models/AnalyticsMistakes.swift */ = {isa = PBXFileReference; lastKnownFileType = sourcecode.swift; path = AnalyticsMistakes.swift; sourceTree = "<group>"; };
		AA2000010000000000000019 /* Models/AnalyticsSkills.swift */ = {isa = PBXFileReference; lastKnownFileType = sourcecode.swift; path = AnalyticsSkills.swift; sourceTree = "<group>"; };
		AA200001000000000000001A /* Models/AnalyticsFargo.swift */ = {isa = PBXFileReference; lastKnownFileType = sourcecode.swift; path = AnalyticsFargo.swift; sourceTree = "<group>"; };
		AA200001000000000000001B /* Models/AnalyticsInsights.swift */ = {isa = PBXFileReference; lastKnownFileType = sourcecode.swift; path = AnalyticsInsights.swift; sourceTree = "<group>"; };
		AA200001000000000000001C /* Models/AnalyticsMath.swift */ = {isa = PBXFileReference; lastKnownFileType = sourcecode.swift; path = AnalyticsMath.swift; sourceTree = "<group>"; };
		AA200001000000000000001D /* Cloud/SessionService.swift */ = {isa = PBXFileReference; lastKnownFileType = sourcecode.swift; path = SessionService.swift; sourceTree = "<group>"; };
/* End PBXFileReference section */

/* Begin PBXFrameworksBuildPhase section */
		AA3000010000000000000001 /* Frameworks */ = {
			isa = PBXFrameworksBuildPhase;
			buildActionMask = 2147483647;
			files = (
			);
			runOnlyForDeploymentPostprocessing = 0;
		};
/* End PBXFrameworksBuildPhase section */

/* Begin PBXGroup section */
		AA4000010000000000000001 = {
			isa = PBXGroup;
			children = (
				886D45192F89469F00338AC1 /* PoolStats.entitlements */,
				AA4000010000000000000002,
				AA2000010000000000000013 /* PoolStats.app */,
			);
			sourceTree = "<group>";
		};
		AA4000010000000000000002 = {
			isa = PBXGroup;
			children = (
				AA2000010000000000000001 /* PoolStatsApp.swift */,
				AA4000010000000000000003 /* Cloud */,
				AA4000010000000000000004 /* Models */,
				AA4000010000000000000005 /* UI */,
				AA4000010000000000000006 /* Resources */,
				AA2000010000000000000012 /* Resources/Info.plist */,
			);
			sourceTree = "<group>";
		};
		AA4000010000000000000003 /* Cloud */ = {
			isa = PBXGroup;
			children = (
				AA2000010000000000000002 /* Cloud/CloudKitStore.swift */,
				AA2000010000000000000003 /* Cloud/DataStore.swift */,
				AA200001000000000000001D /* Cloud/SessionService.swift */,
			);
			path = Cloud;
			sourceTree = "<group>";
		};
		AA4000010000000000000004 /* Models */ = {
			isa = PBXGroup;
			children = (
				AA2000010000000000000004 /* Models/Filters.swift */,
				AA2000010000000000000005 /* Models/Rack.swift */,
				AA2000010000000000000006 /* Models/JSONTransfer.swift */,
				AA2000010000000000000007 /* Models/Session.swift */,
				AA2000010000000000000008 /* Models/Analytics.swift */,
				AA2000010000000000000017 /* Models/AnalyticsTrend.swift */,
				AA2000010000000000000018 /* Models/AnalyticsMistakes.swift */,
				AA2000010000000000000019 /* Models/AnalyticsSkills.swift */,
				AA200001000000000000001A /* Models/AnalyticsFargo.swift */,
				AA200001000000000000001B /* Models/AnalyticsInsights.swift */,
				AA200001000000000000001C /* Models/AnalyticsMath.swift */,
				AA2000010000000000000014 /* Models/SampleData.swift */,
			);
			path = Models;
			sourceTree = "<group>";
		};
		AA4000010000000000000005 /* UI */ = {
			isa = PBXGroup;
			children = (
				AA2000010000000000000009 /* UI/Components.swift */,
				AA200001000000000000000A /* UI/Theme.swift */,
				AA200001000000000000000B /* UI/HistoryView.swift */,
				AA200001000000000000000C /* UI/LogView.swift */,
				AA2000010000000000000015 /* UI/LogStartView.swift */,
				AA2000010000000000000016 /* UI/LogActiveView.swift */,
				AA200001000000000000000D /* UI/JSONDocument.swift */,
				AA200001000000000000000E /* UI/RootView.swift */,
				AA200001000000000000000F /* UI/SummaryView.swift */,
				AA2000010000000000000010 /* UI/DashboardView.swift */,
			);
			path = UI;
			sourceTree = "<group>";
		};
		AA4000010000000000000006 /* Resources */ = {
			isa = PBXGroup;
			children = (
				AA2000010000000000000011 /* Resources/Assets.xcassets */,
			);
			path = Resources;
			sourceTree = "<group>";
		};
/* End PBXGroup section */

/* Begin PBXNativeTarget section */
		AA5000010000000000000001 /* PoolStats */ = {
			isa = PBXNativeTarget;
			buildConfigurationList = AA7000010000000000000001 /* Build configuration list for PBXNativeTarget "PoolStats" */;
			buildPhases = (
				AA3000020000000000000001 /* Sources */,
				AA3000010000000000000001 /* Frameworks */,
				AA3000030000000000000001 /* Resources */,
			);
			buildRules = (
			);
			dependencies = (
			);
			name = PoolStats;
			productName = PoolStats;
			productReference = AA2000010000000000000013 /* PoolStats.app */;
			productType = "com.apple.product-type.application";
		};
/* End PBXNativeTarget section */

/* Begin PBXProject section */
		AA6000010000000000000001 /* Project object */ = {
			isa = PBXProject;
			attributes = {
				BuildIndependentTargetsInParallel = 1;
				LastSwiftUpdateCheck = 1600;
				LastUpgradeCheck = 1600;
				TargetAttributes = {
					AA5000010000000000000001 = {
						CreatedOnToolsVersion = 16.0;
					};
				};
			};
			buildConfigurationList = AA7000020000000000000001 /* Build configuration list for PBXProject "PoolStats" */;
			compatibilityVersion = "Xcode 14.0";
			developmentRegion = en;
			hasScannedForEncodings = 0;
			knownRegions = (
				en,
				Base,
			);
			mainGroup = AA4000010000000000000001;
			productRefGroup = AA4000010000000000000001;
			projectDirPath = "";
			projectRoot = "";
			targets = (
				AA5000010000000000000001 /* PoolStats */,
			);
		};
/* End PBXProject section */

/* Begin PBXResourcesBuildPhase section */
		AA3000030000000000000001 /* Resources */ = {
			isa = PBXResourcesBuildPhase;
			buildActionMask = 2147483647;
			files = (
				AA1000020000000000000001 /* Resources/Assets.xcassets in Resources */,
			);
			runOnlyForDeploymentPostprocessing = 0;
		};
/* End PBXResourcesBuildPhase section */

/* Begin PBXSourcesBuildPhase section */
		AA3000020000000000000001 /* Sources */ = {
			isa = PBXSourcesBuildPhase;
			buildActionMask = 2147483647;
			files = (
				AA1000010000000000000001 /* PoolStatsApp.swift in Sources */,
				AA1000010000000000000002 /* Cloud/CloudKitStore.swift in Sources */,
				AA1000010000000000000003 /* Cloud/DataStore.swift in Sources */,
				AA1000010000000000000004 /* Models/Filters.swift in Sources */,
				AA1000010000000000000005 /* Models/Rack.swift in Sources */,
				AA1000010000000000000006 /* Models/JSONTransfer.swift in Sources */,
				AA1000010000000000000007 /* Models/Session.swift in Sources */,
				AA1000010000000000000008 /* Models/Analytics.swift in Sources */,
				AA1000010000000000000009 /* UI/Components.swift in Sources */,
				AA100001000000000000000A /* UI/Theme.swift in Sources */,
				AA100001000000000000000B /* UI/HistoryView.swift in Sources */,
				AA100001000000000000000C /* UI/LogView.swift in Sources */,
				AA1000010000000000000012 /* UI/LogStartView.swift in Sources */,
				AA1000010000000000000013 /* UI/LogActiveView.swift in Sources */,
				AA100001000000000000000D /* UI/JSONDocument.swift in Sources */,
				AA100001000000000000000E /* UI/RootView.swift in Sources */,
				AA100001000000000000000F /* UI/SummaryView.swift in Sources */,
				AA1000010000000000000010 /* UI/DashboardView.swift in Sources */,
				AA1000010000000000000011 /* Models/SampleData.swift in Sources */,
				AA1000010000000000000014 /* Models/AnalyticsTrend.swift in Sources */,
				AA1000010000000000000015 /* Models/AnalyticsMistakes.swift in Sources */,
				AA1000010000000000000016 /* Models/AnalyticsSkills.swift in Sources */,
				AA1000010000000000000017 /* Models/AnalyticsFargo.swift in Sources */,
				AA1000010000000000000018 /* Models/AnalyticsInsights.swift in Sources */,
				AA1000010000000000000019 /* Models/AnalyticsMath.swift in Sources */,
				AA100001000000000000001A /* Cloud/SessionService.swift in Sources */,
			);
			runOnlyForDeploymentPostprocessing = 0;
		};
/* End PBXSourcesBuildPhase section */

/* Begin XCBuildConfiguration section */
		AA8000010000000000000001 /* Debug */ = {
			isa = XCBuildConfiguration;
			buildSettings = {
				ALWAYS_EMBED_SWIFT_STANDARD_LIBRARIES = YES;
				CODE_SIGN_ENTITLEMENTS = PoolStats.entitlements;
				"CODE_SIGN_IDENTITY[sdk=macosx*]" = "Apple Development";
				CODE_SIGN_STYLE = Automatic;
				CURRENT_PROJECT_VERSION = 1;
				DEVELOPMENT_TEAM = SM6Y3D2D55;
				GENERATE_INFOPLIST_FILE = NO;
				INFOPLIST_FILE = Resources/Info.plist;
				IPHONEOS_DEPLOYMENT_TARGET = 16.0;
				SDKROOT = iphoneos;
				SUPPORTED_PLATFORMS = "iphoneos iphonesimulator";
				LD_RUNPATH_SEARCH_PATHS = (
					"$(inherited)",
					"@executable_path/Frameworks",
				);
				PRODUCT_BUNDLE_IDENTIFIER = com.poolstats.appi;
				PRODUCT_NAME = PoolStats;
				SWIFT_VERSION = 5.0;
				TARGETED_DEVICE_FAMILY = "1,2";
			};
			name = Debug;
		};
		AA8000020000000000000001 /* Release */ = {
			isa = XCBuildConfiguration;
			buildSettings = {
				ALWAYS_EMBED_SWIFT_STANDARD_LIBRARIES = YES;
				CODE_SIGN_ENTITLEMENTS = PoolStats.entitlements;
				"CODE_SIGN_IDENTITY[sdk=macosx*]" = "Apple Development";
				CODE_SIGN_STYLE = Automatic;
				CURRENT_PROJECT_VERSION = 1;
				DEVELOPMENT_TEAM = SM6Y3D2D55;
				GENERATE_INFOPLIST_FILE = NO;
				INFOPLIST_FILE = Resources/Info.plist;
				IPHONEOS_DEPLOYMENT_TARGET = 16.0;
				SDKROOT = iphoneos;
				SUPPORTED_PLATFORMS = "iphoneos iphonesimulator";
				LD_RUNPATH_SEARCH_PATHS = (
					"$(inherited)",
					"@executable_path/Frameworks",
				);
				PRODUCT_BUNDLE_IDENTIFIER = com.poolstats.appi;
				PRODUCT_NAME = PoolStats;
				SWIFT_VERSION = 5.0;
				TARGETED_DEVICE_FAMILY = "1,2";
			};
			name = Release;
		};
		AA8000030000000000000001 /* Debug */ = {
			isa = XCBuildConfiguration;
			buildSettings = {
				CLANG_ANALYZER_LOCALIZABILITY_NONLOCALIZED = YES;
				DEBUG_INFORMATION_FORMAT = dwarf;
				SDKROOT = iphoneos;
				SUPPORTED_PLATFORMS = "iphoneos iphonesimulator";
				ENABLE_PREVIEWS = YES;
				SWIFT_ACTIVE_COMPILATION_CONDITIONS = DEBUG;
				SWIFT_OPTIMIZATION_LEVEL = "-Onone";
			};
			name = Debug;
		};
		AA8000040000000000000001 /* Release */ = {
			isa = XCBuildConfiguration;
			buildSettings = {
				CLANG_ANALYZER_LOCALIZABILITY_NONLOCALIZED = YES;
				DEBUG_INFORMATION_FORMAT = dwarf;
				SDKROOT = iphoneos;
				SUPPORTED_PLATFORMS = "iphoneos iphonesimulator";
				SWIFT_OPTIMIZATION_LEVEL = "-O";
			};
			name = Release;
		};
/* End XCBuildConfiguration section */

/* Begin XCConfigurationList section */
		AA7000010000000000000001 /* Build configuration list for PBXNativeTarget "PoolStats" */ = {
			isa = XCConfigurationList;
			buildConfigurations = (
				AA8000010000000000000001 /* Debug */,
				AA8000020000000000000001 /* Release */,
			);
			defaultConfigurationIsVisible = 0;
			defaultConfigurationName = Debug;
		};
		AA7000020000000000000001 /* Build configuration list for PBXProject "PoolStats" */ = {
			isa = XCConfigurationList;
			buildConfigurations = (
				AA8000030000000000000001 /* Debug */,
				AA8000040000000000000001 /* Release */,
			);
			defaultConfigurationIsVisible = 0;
			defaultConfigurationName = Debug;
		};
/* End XCConfigurationList section */
	};
	rootObject = AA6000010000000000000001 /* Project object */;
}
